// !$*UTF8*$!
{
	archiveVersion = 1;
	classes = {
	};
	objectVersion = 50;
	objects = {

/* Begin PBXBuildFile section */
		7E3510B720B1D77E0006EE8D /* Entry.swift in Sources */ = {isa = PBXBuildFile; fileRef = 7E3510B620B1D77E0006EE8D /* Entry.swift */; };
		7E4ABDD620B1D51300683DF7 /* AppDelegate.swift in Sources */ = {isa = PBXBuildFile; fileRef = 7E4ABDD520B1D51300683DF7 /* AppDelegate.swift */; };
		7E4ABDD820B1D51300683DF7 /* FirstViewController.swift in Sources */ = {isa = PBXBuildFile; fileRef = 7E4ABDD720B1D51300683DF7 /* FirstViewController.swift */; };
		7E4ABDDA20B1D51300683DF7 /* SecondViewController.swift in Sources */ = {isa = PBXBuildFile; fileRef = 7E4ABDD920B1D51300683DF7 /* SecondViewController.swift */; };
		7E4ABDDD20B1D51300683DF7 /* Main.storyboard in Resources */ = {isa = PBXBuildFile; fileRef = 7E4ABDDB20B1D51300683DF7 /* Main.storyboard */; };
		7E4ABDDF20B1D51500683DF7 /* Assets.xcassets in Resources */ = {isa = PBXBuildFile; fileRef = 7E4ABDDE20B1D51500683DF7 /* Assets.xcassets */; };
		7E4ABDE220B1D51500683DF7 /* LaunchScreen.storyboard in Resources */ = {isa = PBXBuildFile; fileRef = 7E4ABDE020B1D51500683DF7 /* LaunchScreen.storyboard */; };
		7E4ABDED20B1D51500683DF7 /* ForeignforceTests.swift in Sources */ = {isa = PBXBuildFile; fileRef = 7E4ABDEC20B1D51500683DF7 /* ForeignforceTests.swift */; };
/* End PBXBuildFile section */

/* Begin PBXContainerItemProxy section */
		7E4ABDE920B1D51500683DF7 /* PBXContainerItemProxy */ = {
			isa = PBXContainerItemProxy;
			containerPortal = 7E4ABDCA20B1D51300683DF7 /* Project object */;
			proxyType = 1;
			remoteGlobalIDString = 7E4ABDD120B1D51300683DF7;
			remoteInfo = Foreignforce;
		};
/* End PBXContainerItemProxy section */

/* Begin PBXFileReference section */
		7E3510B620B1D77E0006EE8D /* Entry.swift */ = {isa = PBXFileReference; lastKnownFileType = sourcecode.swift; path = Entry.swift; sourceTree = "<group>"; };
		7E4ABDD220B1D51300683DF7 /* Foreignforce.app */ = {isa = PBXFileReference; explicitFileType = wrapper.application; includeInIndex = 0; path = Foreignforce.app; sourceTree = BUILT_PRODUCTS_DIR; };
		7E4ABDD520B1D51300683DF7 /* AppDelegate.swift */ = {isa = PBXFileReference; lastKnownFileType = sourcecode.swift; path = AppDelegate.swift; sourceTree = "<group>"; };
		7E4ABDD720B1D51300683DF7 /* FirstViewController.swift */ = {isa = PBXFileReference; lastKnownFileType = sourcecode.swift; path = FirstViewController.swift; sourceTree = "<group>"; };
		7E4ABDD920B1D51300683DF7 /* SecondViewController.swift */ = {isa = PBXFileReference; lastKnownFileType = sourcecode.swift; path = SecondViewController.swift; sourceTree = "<group>"; };
		7E4ABDDC20B1D51300683DF7 /* Base */ = {isa = PBXFileReference; lastKnownFileType = file.storyboard; name = Base; path = Base.lproj/Main.storyboard; sourceTree = "<group>"; };
		7E4ABDDE20B1D51500683DF7 /* Assets.xcassets */ = {isa = PBXFileReference; lastKnownFileType = folder.assetcatalog; path = Assets.xcassets; sourceTree = "<group>"; };
		7E4ABDE120B1D51500683DF7 /* Base */ = {isa = PBXFileReference; lastKnownFileType = file.storyboard; name = Base; path = Base.lproj/LaunchScreen.storyboard; sourceTree = "<group>"; };
		7E4ABDE320B1D51500683DF7 /* Info.plist */ = {isa = PBXFileReference; lastKnownFileType = text.plist.xml; path = Info.plist; sourceTree = "<group>"; };
		7E4ABDE820B1D51500683DF7 /* ForeignforceTests.xctest */ = {isa = PBXFileReference; explicitFileType = wrapper.cfbundle; includeInIndex = 0; path = ForeignforceTests.xctest; sourceTree = BUILT_PRODUCTS_DIR; };
		7E4ABDEC20B1D51500683DF7 /* ForeignforceTests.swift */ = {isa = PBXFileReference; lastKnownFileType = sourcecode.swift; path = ForeignforceTests.swift; sourceTree = "<group>"; };
		7E4ABDEE20B1D51500683DF7 /* Info.plist */ = {isa = PBXFileReference; lastKnownFileType = text.plist.xml; path = Info.plist; sourceTree = "<group>"; };
/* End PBXFileReference section */

/* Begin PBXFrameworksBuildPhase section */
		7E4ABDCF20B1D51300683DF7 /* Frameworks */ = {
			isa = PBXFrameworksBuildPhase;
			buildActionMask = 2147483647;
			files = (
			);
			runOnlyForDeploymentPostprocessing = 0;
		};
		7E4ABDE520B1D51500683DF7 /* Frameworks */ = {
			isa = PBXFrameworksBuildPhase;
			buildActionMask = 2147483647;
			files = (
			);
			runOnlyForDeploymentPostprocessing = 0;
		};
/* End PBXFrameworksBuildPhase section */

/* Begin PBXGroup section */
		7E3510B520B1D7590006EE8D /* OxfordDictionaryAPI */ = {
			isa = PBXGroup;
			children = (
				7E3510B620B1D77E0006EE8D /* Entry.swift */,
			);
			path = OxfordDictionaryAPI;
			sourceTree = "<group>";
		};
		7E4ABDC920B1D51300683DF7 = {
			isa = PBXGroup;
			children = (
				7E3510B520B1D7590006EE8D /* OxfordDictionaryAPI */,
				7E4ABDD420B1D51300683DF7 /* Foreignforce */,
				7E4ABDEB20B1D51500683DF7 /* ForeignforceTests */,
				7E4ABDD320B1D51300683DF7 /* Products */,
			);
			sourceTree = "<group>";
		};
		7E4ABDD320B1D51300683DF7 /* Products */ = {
			isa = PBXGroup;
			children = (
				7E4ABDD220B1D51300683DF7 /* Foreignforce.app */,
				7E4ABDE820B1D51500683DF7 /* ForeignforceTests.xctest */,
			);
			name = Products;
			sourceTree = "<group>";
		};
		7E4ABDD420B1D51300683DF7 /* Foreignforce */ = {
			isa = PBXGroup;
			children = (
				7E4ABDD520B1D51300683DF7 /* AppDelegate.swift */,
				7E4ABDD720B1D51300683DF7 /* FirstViewController.swift */,
				7E4ABDD920B1D51300683DF7 /* SecondViewController.swift */,
				7E4ABDDB20B1D51300683DF7 /* Main.storyboard */,
				7E4ABDDE20B1D51500683DF7 /* Assets.xcassets */,
				7E4ABDE020B1D51500683DF7 /* LaunchScreen.storyboard */,
				7E4ABDE320B1D51500683DF7 /* Info.plist */,
			);
			path = Foreignforce;
			sourceTree = "<group>";
		};
		7E4ABDEB20B1D51500683DF7 /* ForeignforceTests */ = {
			isa = PBXGroup;
			children = (
				7E4ABDEC20B1D51500683DF7 /* ForeignforceTests.swift */,
				7E4ABDEE20B1D51500683DF7 /* Info.plist */,
			);
			path = ForeignforceTests;
			sourceTree = "<group>";
		};
/* End PBXGroup section */

/* Begin PBXNativeTarget section */
		7E4ABDD120B1D51300683DF7 /* Foreignforce */ = {
			isa = PBXNativeTarget;
			buildConfigurationList = 7E4ABDF120B1D51500683DF7 /* Build configuration list for PBXNativeTarget "Foreignforce" */;
			buildPhases = (
				7E4ABDCE20B1D51300683DF7 /* Sources */,
				7E4ABDCF20B1D51300683DF7 /* Frameworks */,
				7E4ABDD020B1D51300683DF7 /* Resources */,
			);
			buildRules = (
			);
			dependencies = (
			);
			name = Foreignforce;
			productName = Foreignforce;
			productReference = 7E4ABDD220B1D51300683DF7 /* Foreignforce.app */;
			productType = "com.apple.product-type.application";
		};
		7E4ABDE720B1D51500683DF7 /* ForeignforceTests */ = {
			isa = PBXNativeTarget;
			buildConfigurationList = 7E4ABDF420B1D51500683DF7 /* Build configuration list for PBXNativeTarget "ForeignforceTests" */;
			buildPhases = (
				7E4ABDE420B1D51500683DF7 /* Sources */,
				7E4ABDE520B1D51500683DF7 /* Frameworks */,
				7E4ABDE620B1D51500683DF7 /* Resources */,
			);
			buildRules = (
			);
			dependencies = (
				7E4ABDEA20B1D51500683DF7 /* PBXTargetDependency */,
			);
			name = ForeignforceTests;
			productName = ForeignforceTests;
			productReference = 7E4ABDE820B1D51500683DF7 /* ForeignforceTests.xctest */;
			productType = "com.apple.product-type.bundle.unit-test";
		};
/* End PBXNativeTarget section */

/* Begin PBXProject section */
		7E4ABDCA20B1D51300683DF7 /* Project object */ = {
			isa = PBXProject;
			attributes = {
				LastSwiftUpdateCheck = 0930;
				LastUpgradeCheck = 0930;
				ORGANIZATIONNAME = "Yusei Nishiyama";
				TargetAttributes = {
					7E4ABDD120B1D51300683DF7 = {
						CreatedOnToolsVersion = 9.3;
					};
					7E4ABDE720B1D51500683DF7 = {
						CreatedOnToolsVersion = 9.3;
						TestTargetID = 7E4ABDD120B1D51300683DF7;
					};
				};
			};
			buildConfigurationList = 7E4ABDCD20B1D51300683DF7 /* Build configuration list for PBXProject "Foreignforce" */;
			compatibilityVersion = "Xcode 9.3";
			developmentRegion = en;
			hasScannedForEncodings = 0;
			knownRegions = (
				en,
				Base,
			);
			mainGroup = 7E4ABDC920B1D51300683DF7;
			productRefGroup = 7E4ABDD320B1D51300683DF7 /* Products */;
			projectDirPath = "";
			projectRoot = "";
			targets = (
				7E4ABDD120B1D51300683DF7 /* Foreignforce */,
				7E4ABDE720B1D51500683DF7 /* ForeignforceTests */,
			);
		};
/* End PBXProject section */

/* Begin PBXResourcesBuildPhase section */
		7E4ABDD020B1D51300683DF7 /* Resources */ = {
			isa = PBXResourcesBuildPhase;
			buildActionMask = 2147483647;
			files = (
				7E4ABDE220B1D51500683DF7 /* LaunchScreen.storyboard in Resources */,
				7E4ABDDF20B1D51500683DF7 /* Assets.xcassets in Resources */,
				7E4ABDDD20B1D51300683DF7 /* Main.storyboard in Resources */,
			);
			runOnlyForDeploymentPostprocessing = 0;
		};
		7E4ABDE620B1D51500683DF7 /* Resources */ = {
			isa = PBXResourcesBuildPhase;
			buildActionMask = 2147483647;
			files = (
			);
			runOnlyForDeploymentPostprocessing = 0;
		};
/* End PBXResourcesBuildPhase section */

/* Begin PBXSourcesBuildPhase section */
		7E4ABDCE20B1D51300683DF7 /* Sources */ = {
			isa = PBXSourcesBuildPhase;
			buildActionMask = 2147483647;
			files = (
				7E3510B720B1D77E0006EE8D /* Entry.swift in Sources */,
				7E4ABDDA20B1D51300683DF7 /* SecondViewController.swift in Sources */,
				7E4ABDD620B1D51300683DF7 /* AppDelegate.swift in Sources */,
				7E4ABDD820B1D51300683DF7 /* FirstViewController.swift in Sources */,
			);
			runOnlyForDeploymentPostprocessing = 0;
		};
		7E4ABDE420B1D51500683DF7 /* Sources */ = {
			isa = PBXSourcesBuildPhase;
			buildActionMask = 2147483647;
			files = (
				7E4ABDED20B1D51500683DF7 /* ForeignforceTests.swift in Sources */,
			);
			runOnlyForDeploymentPostprocessing = 0;
		};
/* End PBXSourcesBuildPhase section */

/* Begin PBXTargetDependency section */
		7E4ABDEA20B1D51500683DF7 /* PBXTargetDependency */ = {
			isa = PBXTargetDependency;
			target = 7E4ABDD120B1D51300683DF7 /* Foreignforce */;
			targetProxy = 7E4ABDE920B1D51500683DF7 /* PBXContainerItemProxy */;
		};
/* End PBXTargetDependency section */

/* Begin PBXVariantGroup section */
		7E4ABDDB20B1D51300683DF7 /* Main.storyboard */ = {
			isa = PBXVariantGroup;
			children = (
				7E4ABDDC20B1D51300683DF7 /* Base */,
			);
			name = Main.storyboard;
			sourceTree = "<group>";
		};
		7E4ABDE020B1D51500683DF7 /* LaunchScreen.storyboard */ = {
			isa = PBXVariantGroup;
			children = (
				7E4ABDE120B1D51500683DF7 /* Base */,
			);
			name = LaunchScreen.storyboard;
			sourceTree = "<group>";
		};
/* End PBXVariantGroup section */

/* Begin XCBuildConfiguration section */
		7E4ABDEF20B1D51500683DF7 /* Debug */ = {
			isa = XCBuildConfiguration;
			buildSettings = {
				ALWAYS_SEARCH_USER_PATHS = NO;
				CLANG_ANALYZER_NONNULL = YES;
				CLANG_ANALYZER_NUMBER_OBJECT_CONVERSION = YES_AGGRESSIVE;
				CLANG_CXX_LANGUAGE_STANDARD = "gnu++14";
				CLANG_CXX_LIBRARY = "libc++";
				CLANG_ENABLE_MODULES = YES;
				CLANG_ENABLE_OBJC_ARC = YES;
				CLANG_ENABLE_OBJC_WEAK = YES;
				CLANG_WARN_BLOCK_CAPTURE_AUTORELEASING = YES;
				CLANG_WARN_BOOL_CONVERSION = YES;
				CLANG_WARN_COMMA = YES;
				CLANG_WARN_CONSTANT_CONVERSION = YES;
				CLANG_WARN_DEPRECATED_OBJC_IMPLEMENTATIONS = YES;
				CLANG_WARN_DIRECT_OBJC_ISA_USAGE = YES_ERROR;
				CLANG_WARN_DOCUMENTATION_COMMENTS = YES;
				CLANG_WARN_EMPTY_BODY = YES;
				CLANG_WARN_ENUM_CONVERSION = YES;
				CLANG_WARN_INFINITE_RECURSION = YES;
				CLANG_WARN_INT_CONVERSION = YES;
				CLANG_WARN_NON_LITERAL_NULL_CONVERSION = YES;
				CLANG_WARN_OBJC_IMPLICIT_RETAIN_SELF = YES;
				CLANG_WARN_OBJC_LITERAL_CONVERSION = YES;
				CLANG_WARN_OBJC_ROOT_CLASS = YES_ERROR;
				CLANG_WARN_RANGE_LOOP_ANALYSIS = YES;
				CLANG_WARN_STRICT_PROTOTYPES = YES;
				CLANG_WARN_SUSPICIOUS_MOVE = YES;
				CLANG_WARN_UNGUARDED_AVAILABILITY = YES_AGGRESSIVE;
				CLANG_WARN_UNREACHABLE_CODE = YES;
				CLANG_WARN__DUPLICATE_METHOD_MATCH = YES;
				CODE_SIGN_IDENTITY = "iPhone Developer";
				COPY_PHASE_STRIP = NO;
				DEBUG_INFORMATION_FORMAT = dwarf;
				ENABLE_STRICT_OBJC_MSGSEND = YES;
				ENABLE_TESTABILITY = YES;
				GCC_C_LANGUAGE_STANDARD = gnu11;
				GCC_DYNAMIC_NO_PIC = NO;
				GCC_NO_COMMON_BLOCKS = YES;
				GCC_OPTIMIZATION_LEVEL = 0;
				GCC_PREPROCESSOR_DEFINITIONS = (
					"DEBUG=1",
					"$(inherited)",
				);
				GCC_WARN_64_TO_32_BIT_CONVERSION = YES;
				GCC_WARN_ABOUT_RETURN_TYPE = YES_ERROR;
				GCC_WARN_UNDECLARED_SELECTOR = YES;
				GCC_WARN_UNINITIALIZED_AUTOS = YES_AGGRESSIVE;
				GCC_WARN_UNUSED_FUNCTION = YES;
				GCC_WARN_UNUSED_VARIABLE = YES;
				IPHONEOS_DEPLOYMENT_TARGET = 11.3;
				MTL_ENABLE_DEBUG_INFO = YES;
				ONLY_ACTIVE_ARCH = YES;
				SDKROOT = iphoneos;
				SWIFT_ACTIVE_COMPILATION_CONDITIONS = DEBUG;
				SWIFT_OPTIMIZATION_LEVEL = "-Onone";
			};
			name = Debug;
		};
		7E4ABDF020B1D51500683DF7 /* Release */ = {
			isa = XCBuildConfiguration;
			buildSettings = {
				ALWAYS_SEARCH_USER_PATHS = NO;
				CLANG_ANALYZER_NONNULL = YES;
				CLANG_ANALYZER_NUMBER_OBJECT_CONVERSION = YES_AGGRESSIVE;
				CLANG_CXX_LANGUAGE_STANDARD = "gnu++14";
				CLANG_CXX_LIBRARY = "libc++";
				CLANG_ENABLE_MODULES = YES;
				CLANG_ENABLE_OBJC_ARC = YES;
				CLANG_ENABLE_OBJC_WEAK = YES;
				CLANG_WARN_BLOCK_CAPTURE_AUTORELEASING = YES;
				CLANG_WARN_BOOL_CONVERSION = YES;
				CLANG_WARN_COMMA = YES;
				CLANG_WARN_CONSTANT_CONVERSION = YES;
				CLANG_WARN_DEPRECATED_OBJC_IMPLEMENTATIONS = YES;
				CLANG_WARN_DIRECT_OBJC_ISA_USAGE = YES_ERROR;
				CLANG_WARN_DOCUMENTATION_COMMENTS = YES;
				CLANG_WARN_EMPTY_BODY = YES;
				CLANG_WARN_ENUM_CONVERSION = YES;
				CLANG_WARN_INFINITE_RECURSION = YES;
				CLANG_WARN_INT_CONVERSION = YES;
				CLANG_WARN_NON_LITERAL_NULL_CONVERSION = YES;
				CLANG_WARN_OBJC_IMPLICIT_RETAIN_SELF = YES;
				CLANG_WARN_OBJC_LITERAL_CONVERSION = YES;
				CLANG_WARN_OBJC_ROOT_CLASS = YES_ERROR;
				CLANG_WARN_RANGE_LOOP_ANALYSIS = YES;
				CLANG_WARN_STRICT_PROTOTYPES = YES;
				CLANG_WARN_SUSPICIOUS_MOVE = YES;
				CLANG_WARN_UNGUARDED_AVAILABILITY = YES_AGGRESSIVE;
				CLANG_WARN_UNREACHABLE_CODE = YES;
				CLANG_WARN__DUPLICATE_METHOD_MATCH = YES;
				CODE_SIGN_IDENTITY = "iPhone Developer";
				COPY_PHASE_STRIP = NO;
				DEBUG_INFORMATION_FORMAT = "dwarf-with-dsym";
				ENABLE_NS_ASSERTIONS = NO;
				ENABLE_STRICT_OBJC_MSGSEND = YES;
				GCC_C_LANGUAGE_STANDARD = gnu11;
				GCC_NO_COMMON_BLOCKS = YES;
				GCC_WARN_64_TO_32_BIT_CONVERSION = YES;
				GCC_WARN_ABOUT_RETURN_TYPE = YES_ERROR;
				GCC_WARN_UNDECLARED_SELECTOR = YES;
				GCC_WARN_UNINITIALIZED_AUTOS = YES_AGGRESSIVE;
				GCC_WARN_UNUSED_FUNCTION = YES;
				GCC_WARN_UNUSED_VARIABLE = YES;
				IPHONEOS_DEPLOYMENT_TARGET = 11.3;
				MTL_ENABLE_DEBUG_INFO = NO;
				SDKROOT = iphoneos;
				SWIFT_COMPILATION_MODE = wholemodule;
				SWIFT_OPTIMIZATION_LEVEL = "-O";
				VALIDATE_PRODUCT = YES;
			};
			name = Release;
		};
		7E4ABDF220B1D51500683DF7 /* Debug */ = {
			isa = XCBuildConfiguration;
			buildSettings = {
				ASSETCATALOG_COMPILER_APPICON_NAME = AppIcon;
				CODE_SIGN_STYLE = Automatic;
				INFOPLIST_FILE = Foreignforce/Info.plist;
				LD_RUNPATH_SEARCH_PATHS = (
					"$(inherited)",
					"@executable_path/Frameworks",
				);
				PRODUCT_BUNDLE_IDENTIFIER = com.yuseinishiyama.Foreignforce;
				PRODUCT_NAME = "$(TARGET_NAME)";
				SWIFT_VERSION = 4.0;
				TARGETED_DEVICE_FAMILY = "1,2";
			};
			name = Debug;
		};
		7E4ABDF320B1D51500683DF7 /* Release */ = {
			isa = XCBuildConfiguration;
			buildSettings = {
				ASSETCATALOG_COMPILER_APPICON_NAME = AppIcon;
				CODE_SIGN_STYLE = Automatic;
				INFOPLIST_FILE = Foreignforce/Info.plist;
				LD_RUNPATH_SEARCH_PATHS = (
					"$(inherited)",
					"@executable_path/Frameworks",
				);
				PRODUCT_BUNDLE_IDENTIFIER = com.yuseinishiyama.Foreignforce;
				PRODUCT_NAME = "$(TARGET_NAME)";
				SWIFT_VERSION = 4.0;
				TARGETED_DEVICE_FAMILY = "1,2";
			};
			name = Release;
		};
		7E4ABDF520B1D51500683DF7 /* Debug */ = {
			isa = XCBuildConfiguration;
			buildSettings = {
				ALWAYS_EMBED_SWIFT_STANDARD_LIBRARIES = YES;
				BUNDLE_LOADER = "$(TEST_HOST)";
				CODE_SIGN_STYLE = Automatic;
				INFOPLIST_FILE = ForeignforceTests/Info.plist;
				LD_RUNPATH_SEARCH_PATHS = (
					"$(inherited)",
					"@executable_path/Frameworks",
					"@loader_path/Frameworks",
				);
				PRODUCT_BUNDLE_IDENTIFIER = com.yuseinishiyama.ForeignforceTests;
				PRODUCT_NAME = "$(TARGET_NAME)";
				SWIFT_VERSION = 4.0;
				TARGETED_DEVICE_FAMILY = "1,2";
				TEST_HOST = "$(BUILT_PRODUCTS_DIR)/Foreignforce.app/Foreignforce";
			};
			name = Debug;
		};
		7E4ABDF620B1D51500683DF7 /* Release */ = {
			isa = XCBuildConfiguration;
			buildSettings = {
				ALWAYS_EMBED_SWIFT_STANDARD_LIBRARIES = YES;
				BUNDLE_LOADER = "$(TEST_HOST)";
				CODE_SIGN_STYLE = Automatic;
				INFOPLIST_FILE = ForeignforceTests/Info.plist;
				LD_RUNPATH_SEARCH_PATHS = (
					"$(inherited)",
					"@executable_path/Frameworks",
					"@loader_path/Frameworks",
				);
				PRODUCT_BUNDLE_IDENTIFIER = com.yuseinishiyama.ForeignforceTests;
				PRODUCT_NAME = "$(TARGET_NAME)";
				SWIFT_VERSION = 4.0;
				TARGETED_DEVICE_FAMILY = "1,2";
				TEST_HOST = "$(BUILT_PRODUCTS_DIR)/Foreignforce.app/Foreignforce";
			};
			name = Release;
		};
/* End XCBuildConfiguration section */

/* Begin XCConfigurationList section */
		7E4ABDCD20B1D51300683DF7 /* Build configuration list for PBXProject "Foreignforce" */ = {
			isa = XCConfigurationList;
			buildConfigurations = (
				7E4ABDEF20B1D51500683DF7 /* Debug */,
				7E4ABDF020B1D51500683DF7 /* Release */,
			);
			defaultConfigurationIsVisible = 0;
			defaultConfigurationName = Release;
		};
		7E4ABDF120B1D51500683DF7 /* Build configuration list for PBXNativeTarget "Foreignforce" */ = {
			isa = XCConfigurationList;
			buildConfigurations = (
				7E4ABDF220B1D51500683DF7 /* Debug */,
				7E4ABDF320B1D51500683DF7 /* Release */,
			);
			defaultConfigurationIsVisible = 0;
			defaultConfigurationName = Release;
		};
		7E4ABDF420B1D51500683DF7 /* Build configuration list for PBXNativeTarget "ForeignforceTests" */ = {
			isa = XCConfigurationList;
			buildConfigurations = (
				7E4ABDF520B1D51500683DF7 /* Debug */,
				7E4ABDF620B1D51500683DF7 /* Release */,
			);
			defaultConfigurationIsVisible = 0;
			defaultConfigurationName = Release;
		};
/* End XCConfigurationList section */
	};
	rootObject = 7E4ABDCA20B1D51300683DF7 /* Project object */;
}
