// !$*UTF8*$!
{
	archiveVersion = 1;
	classes = {
	};
	objectVersion = 50;
	objects = {

/* Begin PBXBuildFile section */
		7E4ABDD620B1D51300683DF7 /* AppDelegate.swift in Sources */ = {isa = PBXBuildFile; fileRef = 7E4ABDD520B1D51300683DF7 /* AppDelegate.swift */; };
		7E4ABDED20B1D51500683DF7 /* ForeignforceTests.swift in Sources */ = {isa = PBXBuildFile; fileRef = 7E4ABDEC20B1D51500683DF7 /* ForeignforceTests.swift */; };
		AB51846521038DC8006CAA1A /* ActionViewController.swift in Sources */ = {isa = PBXBuildFile; fileRef = AB51846421038DC8006CAA1A /* ActionViewController.swift */; };
		AB51846821038DC8006CAA1A /* MainInterface.storyboard in Resources */ = {isa = PBXBuildFile; fileRef = AB51846621038DC8006CAA1A /* MainInterface.storyboard */; };
		AB51846C21038DC8006CAA1A /* Define.appex in Embed App Extensions */ = {isa = PBXBuildFile; fileRef = AB51846221038DC8006CAA1A /* Define.appex */; settings = {ATTRIBUTES = (RemoveHeadersOnCopy, ); }; };
		AB51847921039B4C006CAA1A /* Assets.xcassets in Resources */ = {isa = PBXBuildFile; fileRef = AB51847721039B4C006CAA1A /* Assets.xcassets */; };
		AB51847C21039C93006CAA1A /* Main.storyboard in Resources */ = {isa = PBXBuildFile; fileRef = 7E4ABDDB20B1D51300683DF7 /* Main.storyboard */; };
		AB51847D21039CA6006CAA1A /* LaunchScreen.storyboard in Resources */ = {isa = PBXBuildFile; fileRef = 7E4ABDE020B1D51500683DF7 /* LaunchScreen.storyboard */; };
		AB751F102103F7D200143541 /* libOxfordDictionary.a in Frameworks */ = {isa = PBXBuildFile; fileRef = AB751F0F2103F7D200143541 /* libOxfordDictionary.a */; };
		ABE2860F20BAE3D20007D418 /* SecondViewController.swift in Sources */ = {isa = PBXBuildFile; fileRef = ABE2860B20BAE3D10007D418 /* SecondViewController.swift */; };
		ABE2861020BAE3D20007D418 /* SearchViewController.swift in Sources */ = {isa = PBXBuildFile; fileRef = ABE2860D20BAE3D10007D418 /* SearchViewController.swift */; };
		ABE2861120BAE3D20007D418 /* SearchResultsViewController.swift in Sources */ = {isa = PBXBuildFile; fileRef = ABE2860E20BAE3D10007D418 /* SearchResultsViewController.swift */; };
		ABE2861320BAE3EE0007D418 /* SearchResultTableViewCell.swift in Sources */ = {isa = PBXBuildFile; fileRef = ABE2861220BAE3EE0007D418 /* SearchResultTableViewCell.swift */; };
		ABE2861720BAE4690007D418 /* UITableView+CellRegistration.swift in Sources */ = {isa = PBXBuildFile; fileRef = ABE2861620BAE4690007D418 /* UITableView+CellRegistration.swift */; };
		ABE2861920BAE9920007D418 /* SearchResultTableViewCell.xib in Resources */ = {isa = PBXBuildFile; fileRef = ABE2861820BAE9920007D418 /* SearchResultTableViewCell.xib */; };
/* End PBXBuildFile section */

/* Begin PBXContainerItemProxy section */
		7E4ABDE920B1D51500683DF7 /* PBXContainerItemProxy */ = {
			isa = PBXContainerItemProxy;
			containerPortal = 7E4ABDCA20B1D51300683DF7 /* Project object */;
			proxyType = 1;
			remoteGlobalIDString = 7E4ABDD120B1D51300683DF7;
			remoteInfo = Foreignforce;
		};
		AB51846A21038DC8006CAA1A /* PBXContainerItemProxy */ = {
			isa = PBXContainerItemProxy;
			containerPortal = 7E4ABDCA20B1D51300683DF7 /* Project object */;
			proxyType = 1;
			remoteGlobalIDString = AB51846121038DC8006CAA1A;
			remoteInfo = Define;
		};
/* End PBXContainerItemProxy section */

/* Begin PBXCopyFilesBuildPhase section */
		AB51847021038DC8006CAA1A /* Embed App Extensions */ = {
			isa = PBXCopyFilesBuildPhase;
			buildActionMask = 2147483647;
			dstPath = "";
			dstSubfolderSpec = 13;
			files = (
				AB51846C21038DC8006CAA1A /* Define.appex in Embed App Extensions */,
			);
			name = "Embed App Extensions";
			runOnlyForDeploymentPostprocessing = 0;
		};
/* End PBXCopyFilesBuildPhase section */

/* Begin PBXFileReference section */
		7E4ABDD220B1D51300683DF7 /* App.app */ = {isa = PBXFileReference; explicitFileType = wrapper.application; includeInIndex = 0; path = App.app; sourceTree = BUILT_PRODUCTS_DIR; };
		7E4ABDD520B1D51300683DF7 /* AppDelegate.swift */ = {isa = PBXFileReference; lastKnownFileType = sourcecode.swift; path = AppDelegate.swift; sourceTree = "<group>"; };
		7E4ABDDC20B1D51300683DF7 /* Base */ = {isa = PBXFileReference; lastKnownFileType = file.storyboard; name = Base; path = Base.lproj/Main.storyboard; sourceTree = "<group>"; };
		7E4ABDE120B1D51500683DF7 /* Base */ = {isa = PBXFileReference; lastKnownFileType = file.storyboard; name = Base; path = Base.lproj/LaunchScreen.storyboard; sourceTree = "<group>"; };
		7E4ABDE820B1D51500683DF7 /* Tests.xctest */ = {isa = PBXFileReference; explicitFileType = wrapper.cfbundle; includeInIndex = 0; path = Tests.xctest; sourceTree = BUILT_PRODUCTS_DIR; };
		7E4ABDEC20B1D51500683DF7 /* ForeignforceTests.swift */ = {isa = PBXFileReference; lastKnownFileType = sourcecode.swift; path = ForeignforceTests.swift; sourceTree = "<group>"; };
		7E4ABDEE20B1D51500683DF7 /* Info.plist */ = {isa = PBXFileReference; lastKnownFileType = text.plist.xml; path = Info.plist; sourceTree = "<group>"; };
		AB51846221038DC8006CAA1A /* Define.appex */ = {isa = PBXFileReference; explicitFileType = "wrapper.app-extension"; includeInIndex = 0; path = Define.appex; sourceTree = BUILT_PRODUCTS_DIR; };
		AB51846421038DC8006CAA1A /* ActionViewController.swift */ = {isa = PBXFileReference; lastKnownFileType = sourcecode.swift; path = ActionViewController.swift; sourceTree = "<group>"; };
		AB51846721038DC8006CAA1A /* Base */ = {isa = PBXFileReference; lastKnownFileType = file.storyboard; name = Base; path = Base.lproj/MainInterface.storyboard; sourceTree = "<group>"; };
		AB51846921038DC8006CAA1A /* Info.plist */ = {isa = PBXFileReference; lastKnownFileType = text.plist.xml; path = Info.plist; sourceTree = "<group>"; };
		AB51847721039B4C006CAA1A /* Assets.xcassets */ = {isa = PBXFileReference; lastKnownFileType = folder.assetcatalog; path = Assets.xcassets; sourceTree = "<group>"; };
		AB51847821039B4C006CAA1A /* Info.plist */ = {isa = PBXFileReference; fileEncoding = 4; lastKnownFileType = text.plist.xml; path = Info.plist; sourceTree = "<group>"; };
		AB751F0F2103F7D200143541 /* libOxfordDictionary.a */ = {isa = PBXFileReference; explicitFileType = archive.ar; path = libOxfordDictionary.a; sourceTree = BUILT_PRODUCTS_DIR; };
		ABBB76212103F0BA0094B6B0 /* env.xcconfig */ = {isa = PBXFileReference; lastKnownFileType = text.xcconfig; path = env.xcconfig; sourceTree = "<group>"; };
		ABBB762F2103F1BC0094B6B0 /* libAPIClient.a */ = {isa = PBXFileReference; explicitFileType = archive.ar; path = libAPIClient.a; sourceTree = BUILT_PRODUCTS_DIR; };
		ABD8815220B1EDAC00B7CDDC /* Playground.playground */ = {isa = PBXFileReference; lastKnownFileType = file.playground; name = Playground.playground; path = ../Playground.playground; sourceTree = "<group>"; xcLanguageSpecificationIdentifier = xcode.lang.swift; };
		ABE2860B20BAE3D10007D418 /* SecondViewController.swift */ = {isa = PBXFileReference; fileEncoding = 4; lastKnownFileType = sourcecode.swift; path = SecondViewController.swift; sourceTree = "<group>"; };
		ABE2860D20BAE3D10007D418 /* SearchViewController.swift */ = {isa = PBXFileReference; fileEncoding = 4; lastKnownFileType = sourcecode.swift; path = SearchViewController.swift; sourceTree = "<group>"; };
		ABE2860E20BAE3D10007D418 /* SearchResultsViewController.swift */ = {isa = PBXFileReference; fileEncoding = 4; lastKnownFileType = sourcecode.swift; path = SearchResultsViewController.swift; sourceTree = "<group>"; };
		ABE2861220BAE3EE0007D418 /* SearchResultTableViewCell.swift */ = {isa = PBXFileReference; lastKnownFileType = sourcecode.swift; path = SearchResultTableViewCell.swift; sourceTree = "<group>"; };
		ABE2861620BAE4690007D418 /* UITableView+CellRegistration.swift */ = {isa = PBXFileReference; lastKnownFileType = sourcecode.swift; path = "UITableView+CellRegistration.swift"; sourceTree = "<group>"; };
		ABE2861820BAE9920007D418 /* SearchResultTableViewCell.xib */ = {isa = PBXFileReference; lastKnownFileType = file.xib; path = SearchResultTableViewCell.xib; sourceTree = "<group>"; };
/* End PBXFileReference section */

/* Begin PBXFrameworksBuildPhase section */
		7E4ABDCF20B1D51300683DF7 /* Frameworks */ = {
			isa = PBXFrameworksBuildPhase;
			buildActionMask = 2147483647;
			files = (
				AB751F102103F7D200143541 /* libOxfordDictionary.a in Frameworks */,
			);
			runOnlyForDeploymentPostprocessing = 0;
		};
		7E4ABDE520B1D51500683DF7 /* Frameworks */ = {
			isa = PBXFrameworksBuildPhase;
			buildActionMask = 2147483647;
			files = (
			);
			runOnlyForDeploymentPostprocessing = 0;
		};
		AB51845F21038DC8006CAA1A /* Frameworks */ = {
			isa = PBXFrameworksBuildPhase;
			buildActionMask = 2147483647;
			files = (
			);
			runOnlyForDeploymentPostprocessing = 0;
		};
/* End PBXFrameworksBuildPhase section */

/* Begin PBXGroup section */
		7E4ABDC920B1D51300683DF7 = {
			isa = PBXGroup;
			children = (
				ABD8815220B1EDAC00B7CDDC /* Playground.playground */,
				AB51847B21039B7D006CAA1A /* Source */,
				AB51847621039B4C006CAA1A /* SupportingFiles */,
				7E4ABDEB20B1D51500683DF7 /* Tests */,
				7E4ABDD320B1D51300683DF7 /* Products */,
				ABBB762E2103F1BC0094B6B0 /* Frameworks */,
			);
			sourceTree = "<group>";
		};
		7E4ABDD320B1D51300683DF7 /* Products */ = {
			isa = PBXGroup;
			children = (
				7E4ABDD220B1D51300683DF7 /* App.app */,
				7E4ABDE820B1D51500683DF7 /* Tests.xctest */,
				AB51846221038DC8006CAA1A /* Define.appex */,
			);
			name = Products;
			sourceTree = "<group>";
		};
		7E4ABDEB20B1D51500683DF7 /* Tests */ = {
			isa = PBXGroup;
			children = (
				7E4ABDEC20B1D51500683DF7 /* ForeignforceTests.swift */,
				7E4ABDEE20B1D51500683DF7 /* Info.plist */,
			);
			path = Tests;
			sourceTree = "<group>";
		};
		AB51846321038DC8006CAA1A /* DefineExtention */ = {
			isa = PBXGroup;
			children = (
				AB51846421038DC8006CAA1A /* ActionViewController.swift */,
				AB51846621038DC8006CAA1A /* MainInterface.storyboard */,
				AB51846921038DC8006CAA1A /* Info.plist */,
			);
			name = DefineExtention;
			path = DefineExtension;
			sourceTree = "<group>";
		};
		AB51847621039B4C006CAA1A /* SupportingFiles */ = {
			isa = PBXGroup;
			children = (
				AB51847721039B4C006CAA1A /* Assets.xcassets */,
				AB51847821039B4C006CAA1A /* Info.plist */,
				7E4ABDE020B1D51500683DF7 /* LaunchScreen.storyboard */,
				ABBB76212103F0BA0094B6B0 /* env.xcconfig */,
			);
			path = SupportingFiles;
			sourceTree = "<group>";
		};
		AB51847B21039B7D006CAA1A /* Source */ = {
			isa = PBXGroup;
			children = (
				7E4ABDDB20B1D51300683DF7 /* Main.storyboard */,
				7E4ABDD520B1D51300683DF7 /* AppDelegate.swift */,
				ABE2861420BAE4560007D418 /* Shared */,
				ABE2860920BAE3D10007D418 /* Modules */,
				AB51846321038DC8006CAA1A /* DefineExtention */,
			);
			path = Source;
			sourceTree = "<group>";
		};
		ABBB762E2103F1BC0094B6B0 /* Frameworks */ = {
			isa = PBXGroup;
			children = (
				AB751F0F2103F7D200143541 /* libOxfordDictionary.a */,
				ABBB762F2103F1BC0094B6B0 /* libAPIClient.a */,
			);
			name = Frameworks;
			sourceTree = "<group>";
		};
		ABE2860920BAE3D10007D418 /* Modules */ = {
			isa = PBXGroup;
			children = (
				ABE2860A20BAE3D10007D418 /* Flashcards */,
				ABE2860C20BAE3D10007D418 /* Search */,
			);
			path = Modules;
			sourceTree = "<group>";
		};
		ABE2860A20BAE3D10007D418 /* Flashcards */ = {
			isa = PBXGroup;
			children = (
				ABE2860B20BAE3D10007D418 /* SecondViewController.swift */,
			);
			path = Flashcards;
			sourceTree = "<group>";
		};
		ABE2860C20BAE3D10007D418 /* Search */ = {
			isa = PBXGroup;
			children = (
				ABE2860D20BAE3D10007D418 /* SearchViewController.swift */,
				ABE2860E20BAE3D10007D418 /* SearchResultsViewController.swift */,
				ABE2861220BAE3EE0007D418 /* SearchResultTableViewCell.swift */,
				ABE2861820BAE9920007D418 /* SearchResultTableViewCell.xib */,
			);
			path = Search;
			sourceTree = "<group>";
		};
		ABE2861420BAE4560007D418 /* Shared */ = {
			isa = PBXGroup;
			children = (
				ABE2861520BAE4560007D418 /* Extensions */,
			);
			path = Shared;
			sourceTree = "<group>";
		};
		ABE2861520BAE4560007D418 /* Extensions */ = {
			isa = PBXGroup;
			children = (
				ABE2861620BAE4690007D418 /* UITableView+CellRegistration.swift */,
			);
			path = Extensions;
			sourceTree = "<group>";
		};
/* End PBXGroup section */

/* Begin PBXNativeTarget section */
		7E4ABDD120B1D51300683DF7 /* App */ = {
			isa = PBXNativeTarget;
			buildConfigurationList = 7E4ABDF120B1D51500683DF7 /* Build configuration list for PBXNativeTarget "App" */;
			buildPhases = (
				7E4ABDCE20B1D51300683DF7 /* Sources */,
				7E4ABDCF20B1D51300683DF7 /* Frameworks */,
				7E4ABDD020B1D51300683DF7 /* Resources */,
				AB51847021038DC8006CAA1A /* Embed App Extensions */,
			);
			buildRules = (
			);
			dependencies = (
				AB51846B21038DC8006CAA1A /* PBXTargetDependency */,
			);
			name = App;
			productName = Foreignforce;
			productReference = 7E4ABDD220B1D51300683DF7 /* App.app */;
			productType = "com.apple.product-type.application";
		};
		7E4ABDE720B1D51500683DF7 /* Tests */ = {
			isa = PBXNativeTarget;
			buildConfigurationList = 7E4ABDF420B1D51500683DF7 /* Build configuration list for PBXNativeTarget "Tests" */;
			buildPhases = (
				7E4ABDE420B1D51500683DF7 /* Sources */,
				7E4ABDE520B1D51500683DF7 /* Frameworks */,
				7E4ABDE620B1D51500683DF7 /* Resources */,
			);
			buildRules = (
			);
			dependencies = (
				7E4ABDEA20B1D51500683DF7 /* PBXTargetDependency */,
			);
			name = Tests;
			productName = ForeignforceTests;
			productReference = 7E4ABDE820B1D51500683DF7 /* Tests.xctest */;
			productType = "com.apple.product-type.bundle.unit-test";
		};
		AB51846121038DC8006CAA1A /* Define */ = {
			isa = PBXNativeTarget;
			buildConfigurationList = AB51846F21038DC8006CAA1A /* Build configuration list for PBXNativeTarget "Define" */;
			buildPhases = (
				AB51845E21038DC8006CAA1A /* Sources */,
				AB51845F21038DC8006CAA1A /* Frameworks */,
				AB51846021038DC8006CAA1A /* Resources */,
			);
			buildRules = (
			);
			dependencies = (
			);
			name = Define;
			productName = Define;
			productReference = AB51846221038DC8006CAA1A /* Define.appex */;
			productType = "com.apple.product-type.app-extension";
		};
/* End PBXNativeTarget section */

/* Begin PBXProject section */
		7E4ABDCA20B1D51300683DF7 /* Project object */ = {
			isa = PBXProject;
			attributes = {
				LastSwiftUpdateCheck = 0940;
				LastUpgradeCheck = 0930;
				ORGANIZATIONNAME = "Yusei Nishiyama";
				TargetAttributes = {
					7E4ABDD120B1D51300683DF7 = {
						CreatedOnToolsVersion = 9.3;
					};
					7E4ABDE720B1D51500683DF7 = {
						CreatedOnToolsVersion = 9.3;
						TestTargetID = 7E4ABDD120B1D51300683DF7;
					};
					AB51846121038DC8006CAA1A = {
						CreatedOnToolsVersion = 9.4.1;
					};
				};
			};
			buildConfigurationList = 7E4ABDCD20B1D51300683DF7 /* Build configuration list for PBXProject "App" */;
			compatibilityVersion = "Xcode 9.3";
			developmentRegion = en;
			hasScannedForEncodings = 0;
			knownRegions = (
				en,
				Base,
			);
			mainGroup = 7E4ABDC920B1D51300683DF7;
			productRefGroup = 7E4ABDD320B1D51300683DF7 /* Products */;
			projectDirPath = "";
			projectRoot = "";
			targets = (
				7E4ABDD120B1D51300683DF7 /* App */,
				7E4ABDE720B1D51500683DF7 /* Tests */,
				AB51846121038DC8006CAA1A /* Define */,
			);
		};
/* End PBXProject section */

/* Begin PBXResourcesBuildPhase section */
		7E4ABDD020B1D51300683DF7 /* Resources */ = {
			isa = PBXResourcesBuildPhase;
			buildActionMask = 2147483647;
			files = (
				AB51847C21039C93006CAA1A /* Main.storyboard in Resources */,
				AB51847D21039CA6006CAA1A /* LaunchScreen.storyboard in Resources */,
				ABE2861920BAE9920007D418 /* SearchResultTableViewCell.xib in Resources */,
				AB51847921039B4C006CAA1A /* Assets.xcassets in Resources */,
			);
			runOnlyForDeploymentPostprocessing = 0;
		};
		7E4ABDE620B1D51500683DF7 /* Resources */ = {
			isa = PBXResourcesBuildPhase;
			buildActionMask = 2147483647;
			files = (
			);
			runOnlyForDeploymentPostprocessing = 0;
		};
		AB51846021038DC8006CAA1A /* Resources */ = {
			isa = PBXResourcesBuildPhase;
			buildActionMask = 2147483647;
			files = (
				AB51846821038DC8006CAA1A /* MainInterface.storyboard in Resources */,
			);
			runOnlyForDeploymentPostprocessing = 0;
		};
/* End PBXResourcesBuildPhase section */

/* Begin PBXSourcesBuildPhase section */
		7E4ABDCE20B1D51300683DF7 /* Sources */ = {
			isa = PBXSourcesBuildPhase;
			buildActionMask = 2147483647;
			files = (
				ABE2861720BAE4690007D418 /* UITableView+CellRegistration.swift in Sources */,
				ABE2861320BAE3EE0007D418 /* SearchResultTableViewCell.swift in Sources */,
				7E4ABDD620B1D51300683DF7 /* AppDelegate.swift in Sources */,
				ABE2861020BAE3D20007D418 /* SearchViewController.swift in Sources */,
				ABE2861120BAE3D20007D418 /* SearchResultsViewController.swift in Sources */,
				ABE2860F20BAE3D20007D418 /* SecondViewController.swift in Sources */,
			);
			runOnlyForDeploymentPostprocessing = 0;
		};
		7E4ABDE420B1D51500683DF7 /* Sources */ = {
			isa = PBXSourcesBuildPhase;
			buildActionMask = 2147483647;
			files = (
				7E4ABDED20B1D51500683DF7 /* ForeignforceTests.swift in Sources */,
			);
			runOnlyForDeploymentPostprocessing = 0;
		};
		AB51845E21038DC8006CAA1A /* Sources */ = {
			isa = PBXSourcesBuildPhase;
			buildActionMask = 2147483647;
			files = (
				AB51846521038DC8006CAA1A /* ActionViewController.swift in Sources */,
			);
			runOnlyForDeploymentPostprocessing = 0;
		};
/* End PBXSourcesBuildPhase section */

/* Begin PBXTargetDependency section */
		7E4ABDEA20B1D51500683DF7 /* PBXTargetDependency */ = {
			isa = PBXTargetDependency;
			target = 7E4ABDD120B1D51300683DF7 /* App */;
			targetProxy = 7E4ABDE920B1D51500683DF7 /* PBXContainerItemProxy */;
		};
		AB51846B21038DC8006CAA1A /* PBXTargetDependency */ = {
			isa = PBXTargetDependency;
			target = AB51846121038DC8006CAA1A /* Define */;
			targetProxy = AB51846A21038DC8006CAA1A /* PBXContainerItemProxy */;
		};
/* End PBXTargetDependency section */

/* Begin PBXVariantGroup section */
		7E4ABDDB20B1D51300683DF7 /* Main.storyboard */ = {
			isa = PBXVariantGroup;
			children = (
				7E4ABDDC20B1D51300683DF7 /* Base */,
			);
			name = Main.storyboard;
			sourceTree = "<group>";
		};
		7E4ABDE020B1D51500683DF7 /* LaunchScreen.storyboard */ = {
			isa = PBXVariantGroup;
			children = (
				7E4ABDE120B1D51500683DF7 /* Base */,
			);
			name = LaunchScreen.storyboard;
			sourceTree = "<group>";
		};
		AB51846621038DC8006CAA1A /* MainInterface.storyboard */ = {
			isa = PBXVariantGroup;
			children = (
				AB51846721038DC8006CAA1A /* Base */,
			);
			name = MainInterface.storyboard;
			sourceTree = "<group>";
		};
/* End PBXVariantGroup section */

/* Begin XCBuildConfiguration section */
		7E4ABDEF20B1D51500683DF7 /* Debug */ = {
			isa = XCBuildConfiguration;
			buildSettings = {
				ALWAYS_SEARCH_USER_PATHS = NO;
				CLANG_ANALYZER_NONNULL = YES;
				CLANG_ANALYZER_NUMBER_OBJECT_CONVERSION = YES_AGGRESSIVE;
				CLANG_CXX_LANGUAGE_STANDARD = "gnu++14";
				CLANG_CXX_LIBRARY = "libc++";
				CLANG_ENABLE_MODULES = YES;
				CLANG_ENABLE_OBJC_ARC = YES;
				CLANG_ENABLE_OBJC_WEAK = YES;
				CLANG_WARN_BLOCK_CAPTURE_AUTORELEASING = YES;
				CLANG_WARN_BOOL_CONVERSION = YES;
				CLANG_WARN_COMMA = YES;
				CLANG_WARN_CONSTANT_CONVERSION = YES;
				CLANG_WARN_DEPRECATED_OBJC_IMPLEMENTATIONS = YES;
				CLANG_WARN_DIRECT_OBJC_ISA_USAGE = YES_ERROR;
				CLANG_WARN_DOCUMENTATION_COMMENTS = YES;
				CLANG_WARN_EMPTY_BODY = YES;
				CLANG_WARN_ENUM_CONVERSION = YES;
				CLANG_WARN_INFINITE_RECURSION = YES;
				CLANG_WARN_INT_CONVERSION = YES;
				CLANG_WARN_NON_LITERAL_NULL_CONVERSION = YES;
				CLANG_WARN_OBJC_IMPLICIT_RETAIN_SELF = YES;
				CLANG_WARN_OBJC_LITERAL_CONVERSION = YES;
				CLANG_WARN_OBJC_ROOT_CLASS = YES_ERROR;
				CLANG_WARN_RANGE_LOOP_ANALYSIS = YES;
				CLANG_WARN_STRICT_PROTOTYPES = YES;
				CLANG_WARN_SUSPICIOUS_MOVE = YES;
				CLANG_WARN_UNGUARDED_AVAILABILITY = YES_AGGRESSIVE;
				CLANG_WARN_UNREACHABLE_CODE = YES;
				CLANG_WARN__DUPLICATE_METHOD_MATCH = YES;
				CODE_SIGN_IDENTITY = "iPhone Developer";
				COPY_PHASE_STRIP = NO;
				DEBUG_INFORMATION_FORMAT = dwarf;
				ENABLE_STRICT_OBJC_MSGSEND = YES;
				ENABLE_TESTABILITY = YES;
				GCC_C_LANGUAGE_STANDARD = gnu11;
				GCC_DYNAMIC_NO_PIC = NO;
				GCC_NO_COMMON_BLOCKS = YES;
				GCC_OPTIMIZATION_LEVEL = 0;
				GCC_PREPROCESSOR_DEFINITIONS = (
					"DEBUG=1",
					"$(inherited)",
				);
				GCC_WARN_64_TO_32_BIT_CONVERSION = YES;
				GCC_WARN_ABOUT_RETURN_TYPE = YES_ERROR;
				GCC_WARN_UNDECLARED_SELECTOR = YES;
				GCC_WARN_UNINITIALIZED_AUTOS = YES_AGGRESSIVE;
				GCC_WARN_UNUSED_FUNCTION = YES;
				GCC_WARN_UNUSED_VARIABLE = YES;
				IPHONEOS_DEPLOYMENT_TARGET = 11.3;
				MTL_ENABLE_DEBUG_INFO = YES;
				ONLY_ACTIVE_ARCH = YES;
				SDKROOT = iphoneos;
				SWIFT_ACTIVE_COMPILATION_CONDITIONS = DEBUG;
				SWIFT_OPTIMIZATION_LEVEL = "-Onone";
			};
			name = Debug;
		};
		7E4ABDF020B1D51500683DF7 /* Release */ = {
			isa = XCBuildConfiguration;
			buildSettings = {
				ALWAYS_SEARCH_USER_PATHS = NO;
				CLANG_ANALYZER_NONNULL = YES;
				CLANG_ANALYZER_NUMBER_OBJECT_CONVERSION = YES_AGGRESSIVE;
				CLANG_CXX_LANGUAGE_STANDARD = "gnu++14";
				CLANG_CXX_LIBRARY = "libc++";
				CLANG_ENABLE_MODULES = YES;
				CLANG_ENABLE_OBJC_ARC = YES;
				CLANG_ENABLE_OBJC_WEAK = YES;
				CLANG_WARN_BLOCK_CAPTURE_AUTORELEASING = YES;
				CLANG_WARN_BOOL_CONVERSION = YES;
				CLANG_WARN_COMMA = YES;
				CLANG_WARN_CONSTANT_CONVERSION = YES;
				CLANG_WARN_DEPRECATED_OBJC_IMPLEMENTATIONS = YES;
				CLANG_WARN_DIRECT_OBJC_ISA_USAGE = YES_ERROR;
				CLANG_WARN_DOCUMENTATION_COMMENTS = YES;
				CLANG_WARN_EMPTY_BODY = YES;
				CLANG_WARN_ENUM_CONVERSION = YES;
				CLANG_WARN_INFINITE_RECURSION = YES;
				CLANG_WARN_INT_CONVERSION = YES;
				CLANG_WARN_NON_LITERAL_NULL_CONVERSION = YES;
				CLANG_WARN_OBJC_IMPLICIT_RETAIN_SELF = YES;
				CLANG_WARN_OBJC_LITERAL_CONVERSION = YES;
				CLANG_WARN_OBJC_ROOT_CLASS = YES_ERROR;
				CLANG_WARN_RANGE_LOOP_ANALYSIS = YES;
				CLANG_WARN_STRICT_PROTOTYPES = YES;
				CLANG_WARN_SUSPICIOUS_MOVE = YES;
				CLANG_WARN_UNGUARDED_AVAILABILITY = YES_AGGRESSIVE;
				CLANG_WARN_UNREACHABLE_CODE = YES;
				CLANG_WARN__DUPLICATE_METHOD_MATCH = YES;
				CODE_SIGN_IDENTITY = "iPhone Developer";
				COPY_PHASE_STRIP = NO;
				DEBUG_INFORMATION_FORMAT = "dwarf-with-dsym";
				ENABLE_NS_ASSERTIONS = NO;
				ENABLE_STRICT_OBJC_MSGSEND = YES;
				GCC_C_LANGUAGE_STANDARD = gnu11;
				GCC_NO_COMMON_BLOCKS = YES;
				GCC_WARN_64_TO_32_BIT_CONVERSION = YES;
				GCC_WARN_ABOUT_RETURN_TYPE = YES_ERROR;
				GCC_WARN_UNDECLARED_SELECTOR = YES;
				GCC_WARN_UNINITIALIZED_AUTOS = YES_AGGRESSIVE;
				GCC_WARN_UNUSED_FUNCTION = YES;
				GCC_WARN_UNUSED_VARIABLE = YES;
				IPHONEOS_DEPLOYMENT_TARGET = 11.3;
				MTL_ENABLE_DEBUG_INFO = NO;
				SDKROOT = iphoneos;
				SWIFT_COMPILATION_MODE = wholemodule;
				SWIFT_OPTIMIZATION_LEVEL = "-O";
				VALIDATE_PRODUCT = YES;
			};
			name = Release;
		};
		7E4ABDF220B1D51500683DF7 /* Debug */ = {
			isa = XCBuildConfiguration;
			baseConfigurationReference = ABBB76212103F0BA0094B6B0 /* env.xcconfig */;
			buildSettings = {
				ALWAYS_EMBED_SWIFT_STANDARD_LIBRARIES = YES;
				ASSETCATALOG_COMPILER_APPICON_NAME = AppIcon;
				ASSETCATALOG_COMPILER_LAUNCHIMAGE_NAME = LaunchImage;
				CODE_SIGN_STYLE = Automatic;
				INFOPLIST_FILE = "$(SRCROOT)/SupportingFiles/Info.plist";
				IPHONEOS_DEPLOYMENT_TARGET = 11.4;
				LD_RUNPATH_SEARCH_PATHS = (
					"$(inherited)",
					"@executable_path/Frameworks",
				);
				PRODUCT_BUNDLE_IDENTIFIER = com.yuseinishiyama.foreignforce;
				PRODUCT_NAME = "$(TARGET_NAME)";
				SWIFT_VERSION = 4.0;
				TARGETED_DEVICE_FAMILY = "1,2";
			};
			name = Debug;
		};
		7E4ABDF320B1D51500683DF7 /* Release */ = {
			isa = XCBuildConfiguration;
			buildSettings = {
				ALWAYS_EMBED_SWIFT_STANDARD_LIBRARIES = YES;
				ASSETCATALOG_COMPILER_APPICON_NAME = AppIcon;
				ASSETCATALOG_COMPILER_LAUNCHIMAGE_NAME = LaunchImage;
				CODE_SIGN_STYLE = Automatic;
				INFOPLIST_FILE = "$(SRCROOT)/SupportingFiles/Info.plist";
				IPHONEOS_DEPLOYMENT_TARGET = 11.4;
				LD_RUNPATH_SEARCH_PATHS = (
					"$(inherited)",
					"@executable_path/Frameworks",
				);
				PRODUCT_BUNDLE_IDENTIFIER = com.yuseinishiyama.foreignforce;
				PRODUCT_NAME = "$(TARGET_NAME)";
				SWIFT_VERSION = 4.0;
				TARGETED_DEVICE_FAMILY = "1,2";
			};
			name = Release;
		};
		7E4ABDF520B1D51500683DF7 /* Debug */ = {
			isa = XCBuildConfiguration;
			buildSettings = {
				ALWAYS_EMBED_SWIFT_STANDARD_LIBRARIES = YES;
				BUNDLE_LOADER = "$(TEST_HOST)";
				CODE_SIGN_STYLE = Automatic;
				INFOPLIST_FILE = ForeignforceTests/Info.plist;
				LD_RUNPATH_SEARCH_PATHS = (
					"$(inherited)",
					"@executable_path/Frameworks",
					"@loader_path/Frameworks",
				);
				PRODUCT_BUNDLE_IDENTIFIER = com.yuseinishiyama.foreignforce.tests;
				PRODUCT_NAME = "$(TARGET_NAME)";
				SWIFT_VERSION = 4.0;
				TARGETED_DEVICE_FAMILY = "1,2";
				TEST_HOST = "$(BUILT_PRODUCTS_DIR)/App.app/App";
			};
			name = Debug;
		};
		7E4ABDF620B1D51500683DF7 /* Release */ = {
			isa = XCBuildConfiguration;
			buildSettings = {
				ALWAYS_EMBED_SWIFT_STANDARD_LIBRARIES = YES;
				BUNDLE_LOADER = "$(TEST_HOST)";
				CODE_SIGN_STYLE = Automatic;
				INFOPLIST_FILE = ForeignforceTests/Info.plist;
				LD_RUNPATH_SEARCH_PATHS = (
					"$(inherited)",
					"@executable_path/Frameworks",
					"@loader_path/Frameworks",
				);
				PRODUCT_BUNDLE_IDENTIFIER = com.yuseinishiyama.foreignforce.tests;
				PRODUCT_NAME = "$(TARGET_NAME)";
				SWIFT_VERSION = 4.0;
				TARGETED_DEVICE_FAMILY = "1,2";
				TEST_HOST = "$(BUILT_PRODUCTS_DIR)/App.app/App";
			};
			name = Release;
		};
		AB51846D21038DC8006CAA1A /* Debug */ = {
			isa = XCBuildConfiguration;
			buildSettings = {
				CODE_SIGN_STYLE = Automatic;
				INFOPLIST_FILE = "$(SRCROOT)/Source/DefineExtension/Info.plist";
				IPHONEOS_DEPLOYMENT_TARGET = 11.4;
				LD_RUNPATH_SEARCH_PATHS = (
					"$(inherited)",
					"@executable_path/Frameworks",
					"@executable_path/../../Frameworks",
				);
				PRODUCT_BUNDLE_IDENTIFIER = com.yuseinishiyama.foreignforce.define;
				PRODUCT_NAME = "$(TARGET_NAME)";
				SKIP_INSTALL = YES;
				SWIFT_VERSION = 4.0;
				TARGETED_DEVICE_FAMILY = "1,2";
			};
			name = Debug;
		};
		AB51846E21038DC8006CAA1A /* Release */ = {
			isa = XCBuildConfiguration;
			buildSettings = {
				CODE_SIGN_STYLE = Automatic;
				INFOPLIST_FILE = "$(SRCROOT)/Source/DefineExtension/Info.plist";
				IPHONEOS_DEPLOYMENT_TARGET = 11.4;
				LD_RUNPATH_SEARCH_PATHS = (
					"$(inherited)",
					"@executable_path/Frameworks",
					"@executable_path/../../Frameworks",
				);
				PRODUCT_BUNDLE_IDENTIFIER = com.yuseinishiyama.foreignforce.define;
				PRODUCT_NAME = "$(TARGET_NAME)";
				SKIP_INSTALL = YES;
				SWIFT_VERSION = 4.0;
				TARGETED_DEVICE_FAMILY = "1,2";
			};
			name = Release;
		};
/* End XCBuildConfiguration section */

/* Begin XCConfigurationList section */
		7E4ABDCD20B1D51300683DF7 /* Build configuration list for PBXProject "App" */ = {
			isa = XCConfigurationList;
			buildConfigurations = (
				7E4ABDEF20B1D51500683DF7 /* Debug */,
				7E4ABDF020B1D51500683DF7 /* Release */,
			);
			defaultConfigurationIsVisible = 0;
			defaultConfigurationName = Release;
		};
		7E4ABDF120B1D51500683DF7 /* Build configuration list for PBXNativeTarget "App" */ = {
			isa = XCConfigurationList;
			buildConfigurations = (
				7E4ABDF220B1D51500683DF7 /* Debug */,
				7E4ABDF320B1D51500683DF7 /* Release */,
			);
			defaultConfigurationIsVisible = 0;
			defaultConfigurationName = Release;
		};
		7E4ABDF420B1D51500683DF7 /* Build configuration list for PBXNativeTarget "Tests" */ = {
			isa = XCConfigurationList;
			buildConfigurations = (
				7E4ABDF520B1D51500683DF7 /* Debug */,
				7E4ABDF620B1D51500683DF7 /* Release */,
			);
			defaultConfigurationIsVisible = 0;
			defaultConfigurationName = Release;
		};
		AB51846F21038DC8006CAA1A /* Build configuration list for PBXNativeTarget "Define" */ = {
			isa = XCConfigurationList;
			buildConfigurations = (
				AB51846D21038DC8006CAA1A /* Debug */,
				AB51846E21038DC8006CAA1A /* Release */,
			);
			defaultConfigurationIsVisible = 0;
			defaultConfigurationName = Release;
		};
/* End XCConfigurationList section */
	};
	rootObject = 7E4ABDCA20B1D51300683DF7 /* Project object */;
}
