// !$*UTF8*$!
{
	archiveVersion = 1;
	classes = {
	};
	objectVersion = 50;
	objects = {

/* Begin PBXBuildFile section */
		7E4ABDD620B1D51300683DF7 /* AppDelegate.swift in Sources */ = {isa = PBXBuildFile; fileRef = 7E4ABDD520B1D51300683DF7 /* AppDelegate.swift */; };
		7E4ABDED20B1D51500683DF7 /* ForeignforceTests.swift in Sources */ = {isa = PBXBuildFile; fileRef = 7E4ABDEC20B1D51500683DF7 /* ForeignforceTests.swift */; };
		AB4A6C7C20B22E5100F3856B /* APIClient.swift in Sources */ = {isa = PBXBuildFile; fileRef = AB4A6C7B20B22E5100F3856B /* APIClient.swift */; };
		AB4A6C7E20B22E5C00F3856B /* Environment.swift in Sources */ = {isa = PBXBuildFile; fileRef = AB4A6C7D20B22E5C00F3856B /* Environment.swift */; };
		AB4A6C8020B22E6E00F3856B /* Endpoint.swift in Sources */ = {isa = PBXBuildFile; fileRef = AB4A6C7F20B22E6E00F3856B /* Endpoint.swift */; };
		AB4A6C8620B22F1C00F3856B /* Entries.swift in Sources */ = {isa = PBXBuildFile; fileRef = AB4A6C8520B22F1C00F3856B /* Entries.swift */; };
		AB4A6C8820B22F3700F3856B /* Language.swift in Sources */ = {isa = PBXBuildFile; fileRef = AB4A6C8720B22F3700F3856B /* Language.swift */; };
		AB4A6C8A20B22F3E00F3856B /* Region.swift in Sources */ = {isa = PBXBuildFile; fileRef = AB4A6C8920B22F3E00F3856B /* Region.swift */; };
		AB4A6C8C20B22FA600F3856B /* OxfordDictionaryAPIClient.swift in Sources */ = {isa = PBXBuildFile; fileRef = AB4A6C8B20B22FA600F3856B /* OxfordDictionaryAPIClient.swift */; };
		AB4A6C8E20B230C400F3856B /* OxfordDictionaryEnvironment.swift in Sources */ = {isa = PBXBuildFile; fileRef = AB4A6C8D20B230C400F3856B /* OxfordDictionaryEnvironment.swift */; };
		AB51846521038DC8006CAA1A /* ActionViewController.swift in Sources */ = {isa = PBXBuildFile; fileRef = AB51846421038DC8006CAA1A /* ActionViewController.swift */; };
		AB51846821038DC8006CAA1A /* MainInterface.storyboard in Resources */ = {isa = PBXBuildFile; fileRef = AB51846621038DC8006CAA1A /* MainInterface.storyboard */; };
		AB51846C21038DC8006CAA1A /* Define.appex in Embed App Extensions */ = {isa = PBXBuildFile; fileRef = AB51846221038DC8006CAA1A /* Define.appex */; settings = {ATTRIBUTES = (RemoveHeadersOnCopy, ); }; };
		AB518472210395C9006CAA1A /* Pronunciation.swift in Sources */ = {isa = PBXBuildFile; fileRef = AB518471210395C9006CAA1A /* Pronunciation.swift */; };
		AB51847921039B4C006CAA1A /* Assets.xcassets in Resources */ = {isa = PBXBuildFile; fileRef = AB51847721039B4C006CAA1A /* Assets.xcassets */; };
		AB51847C21039C93006CAA1A /* Main.storyboard in Resources */ = {isa = PBXBuildFile; fileRef = 7E4ABDDB20B1D51300683DF7 /* Main.storyboard */; };
		AB51847D21039CA6006CAA1A /* LaunchScreen.storyboard in Resources */ = {isa = PBXBuildFile; fileRef = 7E4ABDE020B1D51500683DF7 /* LaunchScreen.storyboard */; };
		AB5184802103AC4F006CAA1A /* RelatedEntry.swift in Sources */ = {isa = PBXBuildFile; fileRef = AB51847F2103AC4F006CAA1A /* RelatedEntry.swift */; };
		AB5184822103AD06006CAA1A /* GrammaticalFeature.swift in Sources */ = {isa = PBXBuildFile; fileRef = AB5184812103AD06006CAA1A /* GrammaticalFeature.swift */; };
		AB5184842103ADB3006CAA1A /* CategorizedText.swift in Sources */ = {isa = PBXBuildFile; fileRef = AB5184832103ADB3006CAA1A /* CategorizedText.swift */; };
		AB5184862103C212006CAA1A /* Metadata.swift in Sources */ = {isa = PBXBuildFile; fileRef = AB5184852103C212006CAA1A /* Metadata.swift */; };
		AB5184882103C355006CAA1A /* VariantForm.swift in Sources */ = {isa = PBXBuildFile; fileRef = AB5184872103C355006CAA1A /* VariantForm.swift */; };
		AB96625820B9B06100B8F5E3 /* Result.swift in Sources */ = {isa = PBXBuildFile; fileRef = AB96625720B9B06100B8F5E3 /* Result.swift */; };
		AB96625A20B9BF4200B8F5E3 /* APIClientError.swift in Sources */ = {isa = PBXBuildFile; fileRef = AB96625920B9BF4200B8F5E3 /* APIClientError.swift */; };
		AB96625C20BA1F3D00B8F5E3 /* OxfordDictionaryError.swift in Sources */ = {isa = PBXBuildFile; fileRef = AB96625B20BA1F3D00B8F5E3 /* OxfordDictionaryError.swift */; };
		AB96625E20BA22AE00B8F5E3 /* OxfordDictionaryEndpoint.swift in Sources */ = {isa = PBXBuildFile; fileRef = AB96625D20BA22AE00B8F5E3 /* OxfordDictionaryEndpoint.swift */; };
		AB96626020BA22F200B8F5E3 /* Empty.swift in Sources */ = {isa = PBXBuildFile; fileRef = AB96625F20BA22F200B8F5E3 /* Empty.swift */; };
		AB96626420BA23E100B8F5E3 /* RetrieveEntry.swift in Sources */ = {isa = PBXBuildFile; fileRef = AB96626320BA23E100B8F5E3 /* RetrieveEntry.swift */; };
		AB96626620BA23FD00B8F5E3 /* HeadwordEntry.swift in Sources */ = {isa = PBXBuildFile; fileRef = AB96626520BA23FD00B8F5E3 /* HeadwordEntry.swift */; };
		AB96626820BA241400B8F5E3 /* LexicalEntry.swift in Sources */ = {isa = PBXBuildFile; fileRef = AB96626720BA241400B8F5E3 /* LexicalEntry.swift */; };
		AB96626A20BA242D00B8F5E3 /* Sense.swift in Sources */ = {isa = PBXBuildFile; fileRef = AB96626920BA242D00B8F5E3 /* Sense.swift */; };
		ABC05BAC20B98F1E0040817A /* Entry.swift in Sources */ = {isa = PBXBuildFile; fileRef = ABC05BAB20B98F1E0040817A /* Entry.swift */; };
		ABE2860F20BAE3D20007D418 /* SecondViewController.swift in Sources */ = {isa = PBXBuildFile; fileRef = ABE2860B20BAE3D10007D418 /* SecondViewController.swift */; };
		ABE2861020BAE3D20007D418 /* SearchViewController.swift in Sources */ = {isa = PBXBuildFile; fileRef = ABE2860D20BAE3D10007D418 /* SearchViewController.swift */; };
		ABE2861120BAE3D20007D418 /* SearchResultsViewController.swift in Sources */ = {isa = PBXBuildFile; fileRef = ABE2860E20BAE3D10007D418 /* SearchResultsViewController.swift */; };
		ABE2861320BAE3EE0007D418 /* SearchResultTableViewCell.swift in Sources */ = {isa = PBXBuildFile; fileRef = ABE2861220BAE3EE0007D418 /* SearchResultTableViewCell.swift */; };
		ABE2861720BAE4690007D418 /* UITableView+CellRegistration.swift in Sources */ = {isa = PBXBuildFile; fileRef = ABE2861620BAE4690007D418 /* UITableView+CellRegistration.swift */; };
		ABE2861920BAE9920007D418 /* SearchResultTableViewCell.xib in Resources */ = {isa = PBXBuildFile; fileRef = ABE2861820BAE9920007D418 /* SearchResultTableViewCell.xib */; };
/* End PBXBuildFile section */

/* Begin PBXContainerItemProxy section */
		7E4ABDE920B1D51500683DF7 /* PBXContainerItemProxy */ = {
			isa = PBXContainerItemProxy;
			containerPortal = 7E4ABDCA20B1D51300683DF7 /* Project object */;
			proxyType = 1;
			remoteGlobalIDString = 7E4ABDD120B1D51300683DF7;
			remoteInfo = Foreignforce;
		};
		AB51846A21038DC8006CAA1A /* PBXContainerItemProxy */ = {
			isa = PBXContainerItemProxy;
			containerPortal = 7E4ABDCA20B1D51300683DF7 /* Project object */;
			proxyType = 1;
			remoteGlobalIDString = AB51846121038DC8006CAA1A;
			remoteInfo = Define;
		};
/* End PBXContainerItemProxy section */

/* Begin PBXCopyFilesBuildPhase section */
		AB51847021038DC8006CAA1A /* Embed App Extensions */ = {
			isa = PBXCopyFilesBuildPhase;
			buildActionMask = 2147483647;
			dstPath = "";
			dstSubfolderSpec = 13;
			files = (
				AB51846C21038DC8006CAA1A /* Define.appex in Embed App Extensions */,
			);
			name = "Embed App Extensions";
			runOnlyForDeploymentPostprocessing = 0;
		};
/* End PBXCopyFilesBuildPhase section */

/* Begin PBXFileReference section */
		7E4ABDD220B1D51300683DF7 /* Foreignforce.app */ = {isa = PBXFileReference; explicitFileType = wrapper.application; includeInIndex = 0; path = Foreignforce.app; sourceTree = BUILT_PRODUCTS_DIR; };
		7E4ABDD520B1D51300683DF7 /* AppDelegate.swift */ = {isa = PBXFileReference; lastKnownFileType = sourcecode.swift; path = AppDelegate.swift; sourceTree = "<group>"; };
		7E4ABDDC20B1D51300683DF7 /* Base */ = {isa = PBXFileReference; lastKnownFileType = file.storyboard; name = Base; path = Base.lproj/Main.storyboard; sourceTree = "<group>"; };
		7E4ABDE120B1D51500683DF7 /* Base */ = {isa = PBXFileReference; lastKnownFileType = file.storyboard; name = Base; path = Base.lproj/LaunchScreen.storyboard; sourceTree = "<group>"; };
		7E4ABDE820B1D51500683DF7 /* ForeignforceTests.xctest */ = {isa = PBXFileReference; explicitFileType = wrapper.cfbundle; includeInIndex = 0; path = ForeignforceTests.xctest; sourceTree = BUILT_PRODUCTS_DIR; };
		7E4ABDEC20B1D51500683DF7 /* ForeignforceTests.swift */ = {isa = PBXFileReference; lastKnownFileType = sourcecode.swift; path = ForeignforceTests.swift; sourceTree = "<group>"; };
		7E4ABDEE20B1D51500683DF7 /* Info.plist */ = {isa = PBXFileReference; lastKnownFileType = text.plist.xml; path = Info.plist; sourceTree = "<group>"; };
		AB4A6C7B20B22E5100F3856B /* APIClient.swift */ = {isa = PBXFileReference; lastKnownFileType = sourcecode.swift; path = APIClient.swift; sourceTree = "<group>"; };
		AB4A6C7D20B22E5C00F3856B /* Environment.swift */ = {isa = PBXFileReference; lastKnownFileType = sourcecode.swift; path = Environment.swift; sourceTree = "<group>"; };
		AB4A6C7F20B22E6E00F3856B /* Endpoint.swift */ = {isa = PBXFileReference; lastKnownFileType = sourcecode.swift; path = Endpoint.swift; sourceTree = "<group>"; };
		AB4A6C8520B22F1C00F3856B /* Entries.swift */ = {isa = PBXFileReference; lastKnownFileType = sourcecode.swift; path = Entries.swift; sourceTree = "<group>"; };
		AB4A6C8720B22F3700F3856B /* Language.swift */ = {isa = PBXFileReference; lastKnownFileType = sourcecode.swift; path = Language.swift; sourceTree = "<group>"; };
		AB4A6C8920B22F3E00F3856B /* Region.swift */ = {isa = PBXFileReference; lastKnownFileType = sourcecode.swift; path = Region.swift; sourceTree = "<group>"; };
		AB4A6C8B20B22FA600F3856B /* OxfordDictionaryAPIClient.swift */ = {isa = PBXFileReference; lastKnownFileType = sourcecode.swift; path = OxfordDictionaryAPIClient.swift; sourceTree = "<group>"; };
		AB4A6C8D20B230C400F3856B /* OxfordDictionaryEnvironment.swift */ = {isa = PBXFileReference; lastKnownFileType = sourcecode.swift; path = OxfordDictionaryEnvironment.swift; sourceTree = "<group>"; };
		AB51846221038DC8006CAA1A /* Define.appex */ = {isa = PBXFileReference; explicitFileType = "wrapper.app-extension"; includeInIndex = 0; path = Define.appex; sourceTree = BUILT_PRODUCTS_DIR; };
		AB51846421038DC8006CAA1A /* ActionViewController.swift */ = {isa = PBXFileReference; lastKnownFileType = sourcecode.swift; path = ActionViewController.swift; sourceTree = "<group>"; };
		AB51846721038DC8006CAA1A /* Base */ = {isa = PBXFileReference; lastKnownFileType = file.storyboard; name = Base; path = Base.lproj/MainInterface.storyboard; sourceTree = "<group>"; };
		AB51846921038DC8006CAA1A /* Info.plist */ = {isa = PBXFileReference; lastKnownFileType = text.plist.xml; path = Info.plist; sourceTree = "<group>"; };
		AB518471210395C9006CAA1A /* Pronunciation.swift */ = {isa = PBXFileReference; lastKnownFileType = sourcecode.swift; path = Pronunciation.swift; sourceTree = "<group>"; };
		AB51847721039B4C006CAA1A /* Assets.xcassets */ = {isa = PBXFileReference; lastKnownFileType = folder.assetcatalog; path = Assets.xcassets; sourceTree = "<group>"; };
		AB51847821039B4C006CAA1A /* Info.plist */ = {isa = PBXFileReference; fileEncoding = 4; lastKnownFileType = text.plist.xml; path = Info.plist; sourceTree = "<group>"; };
		AB51847E21039D12006CAA1A /* env.xcconfig */ = {isa = PBXFileReference; lastKnownFileType = text.xcconfig; path = env.xcconfig; sourceTree = "<group>"; };
		AB51847F2103AC4F006CAA1A /* RelatedEntry.swift */ = {isa = PBXFileReference; lastKnownFileType = sourcecode.swift; path = RelatedEntry.swift; sourceTree = "<group>"; };
		AB5184812103AD06006CAA1A /* GrammaticalFeature.swift */ = {isa = PBXFileReference; lastKnownFileType = sourcecode.swift; path = GrammaticalFeature.swift; sourceTree = "<group>"; };
		AB5184832103ADB3006CAA1A /* CategorizedText.swift */ = {isa = PBXFileReference; lastKnownFileType = sourcecode.swift; path = CategorizedText.swift; sourceTree = "<group>"; };
		AB5184852103C212006CAA1A /* Metadata.swift */ = {isa = PBXFileReference; lastKnownFileType = sourcecode.swift; path = Metadata.swift; sourceTree = "<group>"; };
		AB5184872103C355006CAA1A /* VariantForm.swift */ = {isa = PBXFileReference; lastKnownFileType = sourcecode.swift; path = VariantForm.swift; sourceTree = "<group>"; };
		AB96625720B9B06100B8F5E3 /* Result.swift */ = {isa = PBXFileReference; lastKnownFileType = sourcecode.swift; path = Result.swift; sourceTree = "<group>"; };
		AB96625920B9BF4200B8F5E3 /* APIClientError.swift */ = {isa = PBXFileReference; lastKnownFileType = sourcecode.swift; path = APIClientError.swift; sourceTree = "<group>"; };
		AB96625B20BA1F3D00B8F5E3 /* OxfordDictionaryError.swift */ = {isa = PBXFileReference; lastKnownFileType = sourcecode.swift; path = OxfordDictionaryError.swift; sourceTree = "<group>"; };
		AB96625D20BA22AE00B8F5E3 /* OxfordDictionaryEndpoint.swift */ = {isa = PBXFileReference; lastKnownFileType = sourcecode.swift; path = OxfordDictionaryEndpoint.swift; sourceTree = "<group>"; };
		AB96625F20BA22F200B8F5E3 /* Empty.swift */ = {isa = PBXFileReference; lastKnownFileType = sourcecode.swift; path = Empty.swift; sourceTree = "<group>"; };
		AB96626320BA23E100B8F5E3 /* RetrieveEntry.swift */ = {isa = PBXFileReference; lastKnownFileType = sourcecode.swift; path = RetrieveEntry.swift; sourceTree = "<group>"; };
		AB96626520BA23FD00B8F5E3 /* HeadwordEntry.swift */ = {isa = PBXFileReference; lastKnownFileType = sourcecode.swift; path = HeadwordEntry.swift; sourceTree = "<group>"; };
		AB96626720BA241400B8F5E3 /* LexicalEntry.swift */ = {isa = PBXFileReference; lastKnownFileType = sourcecode.swift; path = LexicalEntry.swift; sourceTree = "<group>"; };
		AB96626920BA242D00B8F5E3 /* Sense.swift */ = {isa = PBXFileReference; lastKnownFileType = sourcecode.swift; path = Sense.swift; sourceTree = "<group>"; };
		ABC05BAB20B98F1E0040817A /* Entry.swift */ = {isa = PBXFileReference; lastKnownFileType = sourcecode.swift; path = Entry.swift; sourceTree = "<group>"; };
		ABD8815220B1EDAC00B7CDDC /* Playground.playground */ = {isa = PBXFileReference; lastKnownFileType = file.playground; path = Playground.playground; sourceTree = "<group>"; xcLanguageSpecificationIdentifier = xcode.lang.swift; };
		ABE2860B20BAE3D10007D418 /* SecondViewController.swift */ = {isa = PBXFileReference; fileEncoding = 4; lastKnownFileType = sourcecode.swift; path = SecondViewController.swift; sourceTree = "<group>"; };
		ABE2860D20BAE3D10007D418 /* SearchViewController.swift */ = {isa = PBXFileReference; fileEncoding = 4; lastKnownFileType = sourcecode.swift; path = SearchViewController.swift; sourceTree = "<group>"; };
		ABE2860E20BAE3D10007D418 /* SearchResultsViewController.swift */ = {isa = PBXFileReference; fileEncoding = 4; lastKnownFileType = sourcecode.swift; path = SearchResultsViewController.swift; sourceTree = "<group>"; };
		ABE2861220BAE3EE0007D418 /* SearchResultTableViewCell.swift */ = {isa = PBXFileReference; lastKnownFileType = sourcecode.swift; path = SearchResultTableViewCell.swift; sourceTree = "<group>"; };
		ABE2861620BAE4690007D418 /* UITableView+CellRegistration.swift */ = {isa = PBXFileReference; lastKnownFileType = sourcecode.swift; path = "UITableView+CellRegistration.swift"; sourceTree = "<group>"; };
		ABE2861820BAE9920007D418 /* SearchResultTableViewCell.xib */ = {isa = PBXFileReference; lastKnownFileType = file.xib; path = SearchResultTableViewCell.xib; sourceTree = "<group>"; };
/* End PBXFileReference section */

/* Begin PBXFrameworksBuildPhase section */
		7E4ABDCF20B1D51300683DF7 /* Frameworks */ = {
			isa = PBXFrameworksBuildPhase;
			buildActionMask = 2147483647;
			files = (
			);
			runOnlyForDeploymentPostprocessing = 0;
		};
		7E4ABDE520B1D51500683DF7 /* Frameworks */ = {
			isa = PBXFrameworksBuildPhase;
			buildActionMask = 2147483647;
			files = (
			);
			runOnlyForDeploymentPostprocessing = 0;
		};
		AB51845F21038DC8006CAA1A /* Frameworks */ = {
			isa = PBXFrameworksBuildPhase;
			buildActionMask = 2147483647;
			files = (
			);
			runOnlyForDeploymentPostprocessing = 0;
		};
/* End PBXFrameworksBuildPhase section */

/* Begin PBXGroup section */
		7E4ABDC920B1D51300683DF7 = {
			isa = PBXGroup;
			children = (
				ABD8815220B1EDAC00B7CDDC /* Playground.playground */,
				AB4A6C7720B22E2600F3856B /* APIClient */,
				7E4ABDD420B1D51300683DF7 /* Foreignforce */,
				7E4ABDEB20B1D51500683DF7 /* ForeignforceTests */,
				AB51846321038DC8006CAA1A /* Define */,
				7E4ABDD320B1D51300683DF7 /* Products */,
			);
			sourceTree = "<group>";
		};
		7E4ABDD320B1D51300683DF7 /* Products */ = {
			isa = PBXGroup;
			children = (
				7E4ABDD220B1D51300683DF7 /* Foreignforce.app */,
				7E4ABDE820B1D51500683DF7 /* ForeignforceTests.xctest */,
				AB51846221038DC8006CAA1A /* Define.appex */,
			);
			name = Products;
			sourceTree = "<group>";
		};
		7E4ABDD420B1D51300683DF7 /* Foreignforce */ = {
			isa = PBXGroup;
			children = (
				AB51847B21039B7D006CAA1A /* Source */,
				AB51847621039B4C006CAA1A /* SupportingFiles */,
			);
			path = Foreignforce;
			sourceTree = "<group>";
		};
		7E4ABDEB20B1D51500683DF7 /* ForeignforceTests */ = {
			isa = PBXGroup;
			children = (
				7E4ABDEC20B1D51500683DF7 /* ForeignforceTests.swift */,
				7E4ABDEE20B1D51500683DF7 /* Info.plist */,
			);
			path = ForeignforceTests;
			sourceTree = "<group>";
		};
		AB4A6C7720B22E2600F3856B /* APIClient */ = {
			isa = PBXGroup;
			children = (
				AB4A6C8120B22F0C00F3856B /* OxfordDictionary */,
				AB4A6C7B20B22E5100F3856B /* APIClient.swift */,
				AB96625920B9BF4200B8F5E3 /* APIClientError.swift */,
				AB4A6C7D20B22E5C00F3856B /* Environment.swift */,
				AB4A6C7F20B22E6E00F3856B /* Endpoint.swift */,
				AB96625720B9B06100B8F5E3 /* Result.swift */,
				AB96625F20BA22F200B8F5E3 /* Empty.swift */,
			);
			path = APIClient;
			sourceTree = "<group>";
		};
		AB4A6C8120B22F0C00F3856B /* OxfordDictionary */ = {
			isa = PBXGroup;
			children = (
				AB4A6C8220B22F0C00F3856B /* Endpoints */,
				AB4A6C8320B22F0C00F3856B /* Parameters */,
				AB4A6C8420B22F0C00F3856B /* Entities */,
				AB4A6C8B20B22FA600F3856B /* OxfordDictionaryAPIClient.swift */,
				AB4A6C8D20B230C400F3856B /* OxfordDictionaryEnvironment.swift */,
			);
			path = OxfordDictionary;
			sourceTree = "<group>";
		};
		AB4A6C8220B22F0C00F3856B /* Endpoints */ = {
			isa = PBXGroup;
			children = (
				AB4A6C8520B22F1C00F3856B /* Entries.swift */,
				AB96625D20BA22AE00B8F5E3 /* OxfordDictionaryEndpoint.swift */,
			);
			path = Endpoints;
			sourceTree = "<group>";
		};
		AB4A6C8320B22F0C00F3856B /* Parameters */ = {
			isa = PBXGroup;
			children = (
				AB4A6C8720B22F3700F3856B /* Language.swift */,
				AB4A6C8920B22F3E00F3856B /* Region.swift */,
			);
			path = Parameters;
			sourceTree = "<group>";
		};
		AB4A6C8420B22F0C00F3856B /* Entities */ = {
			isa = PBXGroup;
			children = (
				ABC05BAB20B98F1E0040817A /* Entry.swift */,
				AB96625B20BA1F3D00B8F5E3 /* OxfordDictionaryError.swift */,
				AB96626320BA23E100B8F5E3 /* RetrieveEntry.swift */,
				AB96626520BA23FD00B8F5E3 /* HeadwordEntry.swift */,
				AB96626720BA241400B8F5E3 /* LexicalEntry.swift */,
				AB96626920BA242D00B8F5E3 /* Sense.swift */,
				AB518471210395C9006CAA1A /* Pronunciation.swift */,
				AB51847F2103AC4F006CAA1A /* RelatedEntry.swift */,
				AB5184812103AD06006CAA1A /* GrammaticalFeature.swift */,
				AB5184832103ADB3006CAA1A /* CategorizedText.swift */,
				AB5184852103C212006CAA1A /* Metadata.swift */,
				AB5184872103C355006CAA1A /* VariantForm.swift */,
			);
			path = Entities;
			sourceTree = "<group>";
		};
		AB51846321038DC8006CAA1A /* Define */ = {
			isa = PBXGroup;
			children = (
				AB51846421038DC8006CAA1A /* ActionViewController.swift */,
				AB51846621038DC8006CAA1A /* MainInterface.storyboard */,
				AB51846921038DC8006CAA1A /* Info.plist */,
			);
			path = Define;
			sourceTree = "<group>";
		};
		AB51847621039B4C006CAA1A /* SupportingFiles */ = {
			isa = PBXGroup;
			children = (
				AB51847721039B4C006CAA1A /* Assets.xcassets */,
				AB51847821039B4C006CAA1A /* Info.plist */,
				7E4ABDE020B1D51500683DF7 /* LaunchScreen.storyboard */,
				AB51847E21039D12006CAA1A /* env.xcconfig */,
			);
			path = SupportingFiles;
			sourceTree = "<group>";
		};
		AB51847B21039B7D006CAA1A /* Source */ = {
			isa = PBXGroup;
			children = (
				7E4ABDDB20B1D51300683DF7 /* Main.storyboard */,
				7E4ABDD520B1D51300683DF7 /* AppDelegate.swift */,
				ABE2861420BAE4560007D418 /* Shared */,
				ABE2860920BAE3D10007D418 /* Modules */,
			);
			path = Source;
			sourceTree = "<group>";
		};
		ABE2860920BAE3D10007D418 /* Modules */ = {
			isa = PBXGroup;
			children = (
				ABE2860A20BAE3D10007D418 /* Flashcards */,
				ABE2860C20BAE3D10007D418 /* Search */,
			);
			path = Modules;
			sourceTree = "<group>";
		};
		ABE2860A20BAE3D10007D418 /* Flashcards */ = {
			isa = PBXGroup;
			children = (
				ABE2860B20BAE3D10007D418 /* SecondViewController.swift */,
			);
			path = Flashcards;
			sourceTree = "<group>";
		};
		ABE2860C20BAE3D10007D418 /* Search */ = {
			isa = PBXGroup;
			children = (
				ABE2860D20BAE3D10007D418 /* SearchViewController.swift */,
				ABE2860E20BAE3D10007D418 /* SearchResultsViewController.swift */,
				ABE2861220BAE3EE0007D418 /* SearchResultTableViewCell.swift */,
				ABE2861820BAE9920007D418 /* SearchResultTableViewCell.xib */,
			);
			path = Search;
			sourceTree = "<group>";
		};
		ABE2861420BAE4560007D418 /* Shared */ = {
			isa = PBXGroup;
			children = (
				ABE2861520BAE4560007D418 /* Extensions */,
			);
			path = Shared;
			sourceTree = "<group>";
		};
		ABE2861520BAE4560007D418 /* Extensions */ = {
			isa = PBXGroup;
			children = (
				ABE2861620BAE4690007D418 /* UITableView+CellRegistration.swift */,
			);
			path = Extensions;
			sourceTree = "<group>";
		};
/* End PBXGroup section */

/* Begin PBXNativeTarget section */
		7E4ABDD120B1D51300683DF7 /* Foreignforce */ = {
			isa = PBXNativeTarget;
			buildConfigurationList = 7E4ABDF120B1D51500683DF7 /* Build configuration list for PBXNativeTarget "Foreignforce" */;
			buildPhases = (
				7E4ABDCE20B1D51300683DF7 /* Sources */,
				7E4ABDCF20B1D51300683DF7 /* Frameworks */,
				7E4ABDD020B1D51300683DF7 /* Resources */,
				AB51847021038DC8006CAA1A /* Embed App Extensions */,
			);
			buildRules = (
			);
			dependencies = (
				AB51846B21038DC8006CAA1A /* PBXTargetDependency */,
			);
			name = Foreignforce;
			productName = Foreignforce;
			productReference = 7E4ABDD220B1D51300683DF7 /* Foreignforce.app */;
			productType = "com.apple.product-type.application";
		};
		7E4ABDE720B1D51500683DF7 /* ForeignforceTests */ = {
			isa = PBXNativeTarget;
			buildConfigurationList = 7E4ABDF420B1D51500683DF7 /* Build configuration list for PBXNativeTarget "ForeignforceTests" */;
			buildPhases = (
				7E4ABDE420B1D51500683DF7 /* Sources */,
				7E4ABDE520B1D51500683DF7 /* Frameworks */,
				7E4ABDE620B1D51500683DF7 /* Resources */,
			);
			buildRules = (
			);
			dependencies = (
				7E4ABDEA20B1D51500683DF7 /* PBXTargetDependency */,
			);
			name = ForeignforceTests;
			productName = ForeignforceTests;
			productReference = 7E4ABDE820B1D51500683DF7 /* ForeignforceTests.xctest */;
			productType = "com.apple.product-type.bundle.unit-test";
		};
		AB51846121038DC8006CAA1A /* Define */ = {
			isa = PBXNativeTarget;
			buildConfigurationList = AB51846F21038DC8006CAA1A /* Build configuration list for PBXNativeTarget "Define" */;
			buildPhases = (
				AB51845E21038DC8006CAA1A /* Sources */,
				AB51845F21038DC8006CAA1A /* Frameworks */,
				AB51846021038DC8006CAA1A /* Resources */,
			);
			buildRules = (
			);
			dependencies = (
			);
			name = Define;
			productName = Define;
			productReference = AB51846221038DC8006CAA1A /* Define.appex */;
			productType = "com.apple.product-type.app-extension";
		};
/* End PBXNativeTarget section */

/* Begin PBXProject section */
		7E4ABDCA20B1D51300683DF7 /* Project object */ = {
			isa = PBXProject;
			attributes = {
				LastSwiftUpdateCheck = 0940;
				LastUpgradeCheck = 0930;
				ORGANIZATIONNAME = "Yusei Nishiyama";
				TargetAttributes = {
					7E4ABDD120B1D51300683DF7 = {
						CreatedOnToolsVersion = 9.3;
					};
					7E4ABDE720B1D51500683DF7 = {
						CreatedOnToolsVersion = 9.3;
						TestTargetID = 7E4ABDD120B1D51300683DF7;
					};
					AB51846121038DC8006CAA1A = {
						CreatedOnToolsVersion = 9.4.1;
					};
				};
			};
			buildConfigurationList = 7E4ABDCD20B1D51300683DF7 /* Build configuration list for PBXProject "Foreignforce" */;
			compatibilityVersion = "Xcode 9.3";
			developmentRegion = en;
			hasScannedForEncodings = 0;
			knownRegions = (
				en,
				Base,
			);
			mainGroup = 7E4ABDC920B1D51300683DF7;
			productRefGroup = 7E4ABDD320B1D51300683DF7 /* Products */;
			projectDirPath = "";
			projectRoot = "";
			targets = (
				7E4ABDD120B1D51300683DF7 /* Foreignforce */,
				7E4ABDE720B1D51500683DF7 /* ForeignforceTests */,
				AB51846121038DC8006CAA1A /* Define */,
			);
		};
/* End PBXProject section */

/* Begin PBXResourcesBuildPhase section */
		7E4ABDD020B1D51300683DF7 /* Resources */ = {
			isa = PBXResourcesBuildPhase;
			buildActionMask = 2147483647;
			files = (
				AB51847C21039C93006CAA1A /* Main.storyboard in Resources */,
				AB51847D21039CA6006CAA1A /* LaunchScreen.storyboard in Resources */,
				ABE2861920BAE9920007D418 /* SearchResultTableViewCell.xib in Resources */,
				AB51847921039B4C006CAA1A /* Assets.xcassets in Resources */,
			);
			runOnlyForDeploymentPostprocessing = 0;
		};
		7E4ABDE620B1D51500683DF7 /* Resources */ = {
			isa = PBXResourcesBuildPhase;
			buildActionMask = 2147483647;
			files = (
			);
			runOnlyForDeploymentPostprocessing = 0;
		};
		AB51846021038DC8006CAA1A /* Resources */ = {
			isa = PBXResourcesBuildPhase;
			buildActionMask = 2147483647;
			files = (
				AB51846821038DC8006CAA1A /* MainInterface.storyboard in Resources */,
			);
			runOnlyForDeploymentPostprocessing = 0;
		};
/* End PBXResourcesBuildPhase section */

/* Begin PBXSourcesBuildPhase section */
		7E4ABDCE20B1D51300683DF7 /* Sources */ = {
			isa = PBXSourcesBuildPhase;
			buildActionMask = 2147483647;
			files = (
				ABC05BAC20B98F1E0040817A /* Entry.swift in Sources */,
				AB96626420BA23E100B8F5E3 /* RetrieveEntry.swift in Sources */,
				ABE2861720BAE4690007D418 /* UITableView+CellRegistration.swift in Sources */,
				AB5184822103AD06006CAA1A /* GrammaticalFeature.swift in Sources */,
				ABE2861320BAE3EE0007D418 /* SearchResultTableViewCell.swift in Sources */,
				AB5184802103AC4F006CAA1A /* RelatedEntry.swift in Sources */,
				AB96625820B9B06100B8F5E3 /* Result.swift in Sources */,
				AB96626820BA241400B8F5E3 /* LexicalEntry.swift in Sources */,
				AB96626A20BA242D00B8F5E3 /* Sense.swift in Sources */,
				AB518472210395C9006CAA1A /* Pronunciation.swift in Sources */,
				AB96625E20BA22AE00B8F5E3 /* OxfordDictionaryEndpoint.swift in Sources */,
				AB96625C20BA1F3D00B8F5E3 /* OxfordDictionaryError.swift in Sources */,
				AB4A6C8A20B22F3E00F3856B /* Region.swift in Sources */,
				AB4A6C8620B22F1C00F3856B /* Entries.swift in Sources */,
				AB5184842103ADB3006CAA1A /* CategorizedText.swift in Sources */,
				AB4A6C8C20B22FA600F3856B /* OxfordDictionaryAPIClient.swift in Sources */,
				7E4ABDD620B1D51300683DF7 /* AppDelegate.swift in Sources */,
				AB4A6C7C20B22E5100F3856B /* APIClient.swift in Sources */,
				ABE2861020BAE3D20007D418 /* SearchViewController.swift in Sources */,
				AB5184882103C355006CAA1A /* VariantForm.swift in Sources */,
				AB4A6C8820B22F3700F3856B /* Language.swift in Sources */,
				AB4A6C8E20B230C400F3856B /* OxfordDictionaryEnvironment.swift in Sources */,
				AB96625A20B9BF4200B8F5E3 /* APIClientError.swift in Sources */,
				AB5184862103C212006CAA1A /* Metadata.swift in Sources */,
				AB4A6C8020B22E6E00F3856B /* Endpoint.swift in Sources */,
				AB4A6C7E20B22E5C00F3856B /* Environment.swift in Sources */,
				ABE2861120BAE3D20007D418 /* SearchResultsViewController.swift in Sources */,
				ABE2860F20BAE3D20007D418 /* SecondViewController.swift in Sources */,
				AB96626620BA23FD00B8F5E3 /* HeadwordEntry.swift in Sources */,
				AB96626020BA22F200B8F5E3 /* Empty.swift in Sources */,
			);
			runOnlyForDeploymentPostprocessing = 0;
		};
		7E4ABDE420B1D51500683DF7 /* Sources */ = {
			isa = PBXSourcesBuildPhase;
			buildActionMask = 2147483647;
			files = (
				7E4ABDED20B1D51500683DF7 /* ForeignforceTests.swift in Sources */,
			);
			runOnlyForDeploymentPostprocessing = 0;
		};
		AB51845E21038DC8006CAA1A /* Sources */ = {
			isa = PBXSourcesBuildPhase;
			buildActionMask = 2147483647;
			files = (
				AB51846521038DC8006CAA1A /* ActionViewController.swift in Sources */,
			);
			runOnlyForDeploymentPostprocessing = 0;
		};
/* End PBXSourcesBuildPhase section */

/* Begin PBXTargetDependency section */
		7E4ABDEA20B1D51500683DF7 /* PBXTargetDependency */ = {
			isa = PBXTargetDependency;
			target = 7E4ABDD120B1D51300683DF7 /* Foreignforce */;
			targetProxy = 7E4ABDE920B1D51500683DF7 /* PBXContainerItemProxy */;
		};
		AB51846B21038DC8006CAA1A /* PBXTargetDependency */ = {
			isa = PBXTargetDependency;
			target = AB51846121038DC8006CAA1A /* Define */;
			targetProxy = AB51846A21038DC8006CAA1A /* PBXContainerItemProxy */;
		};
/* End PBXTargetDependency section */

/* Begin PBXVariantGroup section */
		7E4ABDDB20B1D51300683DF7 /* Main.storyboard */ = {
			isa = PBXVariantGroup;
			children = (
				7E4ABDDC20B1D51300683DF7 /* Base */,
			);
			name = Main.storyboard;
			sourceTree = "<group>";
		};
		7E4ABDE020B1D51500683DF7 /* LaunchScreen.storyboard */ = {
			isa = PBXVariantGroup;
			children = (
				7E4ABDE120B1D51500683DF7 /* Base */,
			);
			name = LaunchScreen.storyboard;
			sourceTree = "<group>";
		};
		AB51846621038DC8006CAA1A /* MainInterface.storyboard */ = {
			isa = PBXVariantGroup;
			children = (
				AB51846721038DC8006CAA1A /* Base */,
			);
			name = MainInterface.storyboard;
			sourceTree = "<group>";
		};
/* End PBXVariantGroup section */

/* Begin XCBuildConfiguration section */
		7E4ABDEF20B1D51500683DF7 /* Debug */ = {
			isa = XCBuildConfiguration;
			buildSettings = {
				ALWAYS_SEARCH_USER_PATHS = NO;
				CLANG_ANALYZER_NONNULL = YES;
				CLANG_ANALYZER_NUMBER_OBJECT_CONVERSION = YES_AGGRESSIVE;
				CLANG_CXX_LANGUAGE_STANDARD = "gnu++14";
				CLANG_CXX_LIBRARY = "libc++";
				CLANG_ENABLE_MODULES = YES;
				CLANG_ENABLE_OBJC_ARC = YES;
				CLANG_ENABLE_OBJC_WEAK = YES;
				CLANG_WARN_BLOCK_CAPTURE_AUTORELEASING = YES;
				CLANG_WARN_BOOL_CONVERSION = YES;
				CLANG_WARN_COMMA = YES;
				CLANG_WARN_CONSTANT_CONVERSION = YES;
				CLANG_WARN_DEPRECATED_OBJC_IMPLEMENTATIONS = YES;
				CLANG_WARN_DIRECT_OBJC_ISA_USAGE = YES_ERROR;
				CLANG_WARN_DOCUMENTATION_COMMENTS = YES;
				CLANG_WARN_EMPTY_BODY = YES;
				CLANG_WARN_ENUM_CONVERSION = YES;
				CLANG_WARN_INFINITE_RECURSION = YES;
				CLANG_WARN_INT_CONVERSION = YES;
				CLANG_WARN_NON_LITERAL_NULL_CONVERSION = YES;
				CLANG_WARN_OBJC_IMPLICIT_RETAIN_SELF = YES;
				CLANG_WARN_OBJC_LITERAL_CONVERSION = YES;
				CLANG_WARN_OBJC_ROOT_CLASS = YES_ERROR;
				CLANG_WARN_RANGE_LOOP_ANALYSIS = YES;
				CLANG_WARN_STRICT_PROTOTYPES = YES;
				CLANG_WARN_SUSPICIOUS_MOVE = YES;
				CLANG_WARN_UNGUARDED_AVAILABILITY = YES_AGGRESSIVE;
				CLANG_WARN_UNREACHABLE_CODE = YES;
				CLANG_WARN__DUPLICATE_METHOD_MATCH = YES;
				CODE_SIGN_IDENTITY = "iPhone Developer";
				COPY_PHASE_STRIP = NO;
				DEBUG_INFORMATION_FORMAT = dwarf;
				ENABLE_STRICT_OBJC_MSGSEND = YES;
				ENABLE_TESTABILITY = YES;
				GCC_C_LANGUAGE_STANDARD = gnu11;
				GCC_DYNAMIC_NO_PIC = NO;
				GCC_NO_COMMON_BLOCKS = YES;
				GCC_OPTIMIZATION_LEVEL = 0;
				GCC_PREPROCESSOR_DEFINITIONS = (
					"DEBUG=1",
					"$(inherited)",
				);
				GCC_WARN_64_TO_32_BIT_CONVERSION = YES;
				GCC_WARN_ABOUT_RETURN_TYPE = YES_ERROR;
				GCC_WARN_UNDECLARED_SELECTOR = YES;
				GCC_WARN_UNINITIALIZED_AUTOS = YES_AGGRESSIVE;
				GCC_WARN_UNUSED_FUNCTION = YES;
				GCC_WARN_UNUSED_VARIABLE = YES;
				IPHONEOS_DEPLOYMENT_TARGET = 11.3;
				MTL_ENABLE_DEBUG_INFO = YES;
				ONLY_ACTIVE_ARCH = YES;
				SDKROOT = iphoneos;
				SWIFT_ACTIVE_COMPILATION_CONDITIONS = DEBUG;
				SWIFT_OPTIMIZATION_LEVEL = "-Onone";
			};
			name = Debug;
		};
		7E4ABDF020B1D51500683DF7 /* Release */ = {
			isa = XCBuildConfiguration;
			buildSettings = {
				ALWAYS_SEARCH_USER_PATHS = NO;
				CLANG_ANALYZER_NONNULL = YES;
				CLANG_ANALYZER_NUMBER_OBJECT_CONVERSION = YES_AGGRESSIVE;
				CLANG_CXX_LANGUAGE_STANDARD = "gnu++14";
				CLANG_CXX_LIBRARY = "libc++";
				CLANG_ENABLE_MODULES = YES;
				CLANG_ENABLE_OBJC_ARC = YES;
				CLANG_ENABLE_OBJC_WEAK = YES;
				CLANG_WARN_BLOCK_CAPTURE_AUTORELEASING = YES;
				CLANG_WARN_BOOL_CONVERSION = YES;
				CLANG_WARN_COMMA = YES;
				CLANG_WARN_CONSTANT_CONVERSION = YES;
				CLANG_WARN_DEPRECATED_OBJC_IMPLEMENTATIONS = YES;
				CLANG_WARN_DIRECT_OBJC_ISA_USAGE = YES_ERROR;
				CLANG_WARN_DOCUMENTATION_COMMENTS = YES;
				CLANG_WARN_EMPTY_BODY = YES;
				CLANG_WARN_ENUM_CONVERSION = YES;
				CLANG_WARN_INFINITE_RECURSION = YES;
				CLANG_WARN_INT_CONVERSION = YES;
				CLANG_WARN_NON_LITERAL_NULL_CONVERSION = YES;
				CLANG_WARN_OBJC_IMPLICIT_RETAIN_SELF = YES;
				CLANG_WARN_OBJC_LITERAL_CONVERSION = YES;
				CLANG_WARN_OBJC_ROOT_CLASS = YES_ERROR;
				CLANG_WARN_RANGE_LOOP_ANALYSIS = YES;
				CLANG_WARN_STRICT_PROTOTYPES = YES;
				CLANG_WARN_SUSPICIOUS_MOVE = YES;
				CLANG_WARN_UNGUARDED_AVAILABILITY = YES_AGGRESSIVE;
				CLANG_WARN_UNREACHABLE_CODE = YES;
				CLANG_WARN__DUPLICATE_METHOD_MATCH = YES;
				CODE_SIGN_IDENTITY = "iPhone Developer";
				COPY_PHASE_STRIP = NO;
				DEBUG_INFORMATION_FORMAT = "dwarf-with-dsym";
				ENABLE_NS_ASSERTIONS = NO;
				ENABLE_STRICT_OBJC_MSGSEND = YES;
				GCC_C_LANGUAGE_STANDARD = gnu11;
				GCC_NO_COMMON_BLOCKS = YES;
				GCC_WARN_64_TO_32_BIT_CONVERSION = YES;
				GCC_WARN_ABOUT_RETURN_TYPE = YES_ERROR;
				GCC_WARN_UNDECLARED_SELECTOR = YES;
				GCC_WARN_UNINITIALIZED_AUTOS = YES_AGGRESSIVE;
				GCC_WARN_UNUSED_FUNCTION = YES;
				GCC_WARN_UNUSED_VARIABLE = YES;
				IPHONEOS_DEPLOYMENT_TARGET = 11.3;
				MTL_ENABLE_DEBUG_INFO = NO;
				SDKROOT = iphoneos;
				SWIFT_COMPILATION_MODE = wholemodule;
				SWIFT_OPTIMIZATION_LEVEL = "-O";
				VALIDATE_PRODUCT = YES;
			};
			name = Release;
		};
		7E4ABDF220B1D51500683DF7 /* Debug */ = {
			isa = XCBuildConfiguration;
			baseConfigurationReference = AB51847E21039D12006CAA1A /* env.xcconfig */;
			buildSettings = {
				ALWAYS_EMBED_SWIFT_STANDARD_LIBRARIES = YES;
				ASSETCATALOG_COMPILER_APPICON_NAME = AppIcon;
				CODE_SIGN_STYLE = Automatic;
				INFOPLIST_FILE = Foreignforce/SupportingFiles/Info.plist;
				LD_RUNPATH_SEARCH_PATHS = (
					"$(inherited)",
					"@executable_path/Frameworks",
				);
				PRODUCT_BUNDLE_IDENTIFIER = com.yuseinishiyama.Foreignforce;
				PRODUCT_NAME = "$(TARGET_NAME)";
				SWIFT_VERSION = 4.0;
				TARGETED_DEVICE_FAMILY = "1,2";
			};
			name = Debug;
		};
		7E4ABDF320B1D51500683DF7 /* Release */ = {
			isa = XCBuildConfiguration;
			buildSettings = {
				ALWAYS_EMBED_SWIFT_STANDARD_LIBRARIES = YES;
				ASSETCATALOG_COMPILER_APPICON_NAME = AppIcon;
				CODE_SIGN_STYLE = Automatic;
				INFOPLIST_FILE = Foreignforce/SupportingFiles/Info.plist;
				LD_RUNPATH_SEARCH_PATHS = (
					"$(inherited)",
					"@executable_path/Frameworks",
				);
				PRODUCT_BUNDLE_IDENTIFIER = com.yuseinishiyama.Foreignforce;
				PRODUCT_NAME = "$(TARGET_NAME)";
				SWIFT_VERSION = 4.0;
				TARGETED_DEVICE_FAMILY = "1,2";
			};
			name = Release;
		};
		7E4ABDF520B1D51500683DF7 /* Debug */ = {
			isa = XCBuildConfiguration;
			buildSettings = {
				ALWAYS_EMBED_SWIFT_STANDARD_LIBRARIES = YES;
				BUNDLE_LOADER = "$(TEST_HOST)";
				CODE_SIGN_STYLE = Automatic;
				INFOPLIST_FILE = ForeignforceTests/Info.plist;
				LD_RUNPATH_SEARCH_PATHS = (
					"$(inherited)",
					"@executable_path/Frameworks",
					"@loader_path/Frameworks",
				);
				PRODUCT_BUNDLE_IDENTIFIER = com.yuseinishiyama.ForeignforceTests;
				PRODUCT_NAME = "$(TARGET_NAME)";
				SWIFT_VERSION = 4.0;
				TARGETED_DEVICE_FAMILY = "1,2";
				TEST_HOST = "$(BUILT_PRODUCTS_DIR)/Foreignforce.app/Foreignforce";
			};
			name = Debug;
		};
		7E4ABDF620B1D51500683DF7 /* Release */ = {
			isa = XCBuildConfiguration;
			buildSettings = {
				ALWAYS_EMBED_SWIFT_STANDARD_LIBRARIES = YES;
				BUNDLE_LOADER = "$(TEST_HOST)";
				CODE_SIGN_STYLE = Automatic;
				INFOPLIST_FILE = ForeignforceTests/Info.plist;
				LD_RUNPATH_SEARCH_PATHS = (
					"$(inherited)",
					"@executable_path/Frameworks",
					"@loader_path/Frameworks",
				);
				PRODUCT_BUNDLE_IDENTIFIER = com.yuseinishiyama.ForeignforceTests;
				PRODUCT_NAME = "$(TARGET_NAME)";
				SWIFT_VERSION = 4.0;
				TARGETED_DEVICE_FAMILY = "1,2";
				TEST_HOST = "$(BUILT_PRODUCTS_DIR)/Foreignforce.app/Foreignforce";
			};
			name = Release;
		};
		AB51846D21038DC8006CAA1A /* Debug */ = {
			isa = XCBuildConfiguration;
			buildSettings = {
				CODE_SIGN_STYLE = Automatic;
				INFOPLIST_FILE = Define/Info.plist;
				IPHONEOS_DEPLOYMENT_TARGET = 11.4;
				LD_RUNPATH_SEARCH_PATHS = (
					"$(inherited)",
					"@executable_path/Frameworks",
					"@executable_path/../../Frameworks",
				);
				PRODUCT_BUNDLE_IDENTIFIER = com.yuseinishiyama.Foreignforce.Define;
				PRODUCT_NAME = "$(TARGET_NAME)";
				SKIP_INSTALL = YES;
				SWIFT_VERSION = 4.0;
				TARGETED_DEVICE_FAMILY = "1,2";
			};
			name = Debug;
		};
		AB51846E21038DC8006CAA1A /* Release */ = {
			isa = XCBuildConfiguration;
			buildSettings = {
				CODE_SIGN_STYLE = Automatic;
				INFOPLIST_FILE = Define/Info.plist;
				IPHONEOS_DEPLOYMENT_TARGET = 11.4;
				LD_RUNPATH_SEARCH_PATHS = (
					"$(inherited)",
					"@executable_path/Frameworks",
					"@executable_path/../../Frameworks",
				);
				PRODUCT_BUNDLE_IDENTIFIER = com.yuseinishiyama.Foreignforce.Define;
				PRODUCT_NAME = "$(TARGET_NAME)";
				SKIP_INSTALL = YES;
				SWIFT_VERSION = 4.0;
				TARGETED_DEVICE_FAMILY = "1,2";
			};
			name = Release;
		};
/* End XCBuildConfiguration section */

/* Begin XCConfigurationList section */
		7E4ABDCD20B1D51300683DF7 /* Build configuration list for PBXProject "Foreignforce" */ = {
			isa = XCConfigurationList;
			buildConfigurations = (
				7E4ABDEF20B1D51500683DF7 /* Debug */,
				7E4ABDF020B1D51500683DF7 /* Release */,
			);
			defaultConfigurationIsVisible = 0;
			defaultConfigurationName = Release;
		};
		7E4ABDF120B1D51500683DF7 /* Build configuration list for PBXNativeTarget "Foreignforce" */ = {
			isa = XCConfigurationList;
			buildConfigurations = (
				7E4ABDF220B1D51500683DF7 /* Debug */,
				7E4ABDF320B1D51500683DF7 /* Release */,
			);
			defaultConfigurationIsVisible = 0;
			defaultConfigurationName = Release;
		};
		7E4ABDF420B1D51500683DF7 /* Build configuration list for PBXNativeTarget "ForeignforceTests" */ = {
			isa = XCConfigurationList;
			buildConfigurations = (
				7E4ABDF520B1D51500683DF7 /* Debug */,
				7E4ABDF620B1D51500683DF7 /* Release */,
			);
			defaultConfigurationIsVisible = 0;
			defaultConfigurationName = Release;
		};
		AB51846F21038DC8006CAA1A /* Build configuration list for PBXNativeTarget "Define" */ = {
			isa = XCConfigurationList;
			buildConfigurations = (
				AB51846D21038DC8006CAA1A /* Debug */,
				AB51846E21038DC8006CAA1A /* Release */,
			);
			defaultConfigurationIsVisible = 0;
			defaultConfigurationName = Release;
		};
/* End XCConfigurationList section */
	};
	rootObject = 7E4ABDCA20B1D51300683DF7 /* Project object */;
}
